// !$*UTF8*$!
{
	archiveVersion = 1;
	classes = {
	};
	objectVersion = 56;
	objects = {

/* Begin PBXBuildFile section */
		26015E352ACC0C7900D25C94 /* TabBarController.swift in Sources */ = {isa = PBXBuildFile; fileRef = 26015E342ACC0C7900D25C94 /* TabBarController.swift */; };
		26015E382ACC0CC300D25C94 /* ProfileViewController.swift in Sources */ = {isa = PBXBuildFile; fileRef = 26015E372ACC0CC300D25C94 /* ProfileViewController.swift */; };
		26229B9D2AC57528002FBE59 /* RealmManager.swift in Sources */ = {isa = PBXBuildFile; fileRef = 26229B9C2AC57528002FBE59 /* RealmManager.swift */; };
		26229B9F2AC575AD002FBE59 /* TraditionalMarketRealm.swift in Sources */ = {isa = PBXBuildFile; fileRef = 26229B9E2AC575AD002FBE59 /* TraditionalMarketRealm.swift */; };
		26229BA82AC5AD84002FBE59 /* BaseViewController.swift in Sources */ = {isa = PBXBuildFile; fileRef = 26229BA72AC5AD84002FBE59 /* BaseViewController.swift */; };
		262419692B38488E0036413D /* ServiceKey.swift in Sources */ = {isa = PBXBuildFile; fileRef = 262419682B38488E0036413D /* ServiceKey.swift */; };
		262BBE632AF38CF700F98BF8 /* PopularMarketDetailViewController.swift in Sources */ = {isa = PBXBuildFile; fileRef = 262BBE622AF38CF700F98BF8 /* PopularMarketDetailViewController.swift */; };
		262BBE652AF38F6400F98BF8 /* TenSelectedMarketSection.swift in Sources */ = {isa = PBXBuildFile; fileRef = 262BBE642AF38F6400F98BF8 /* TenSelectedMarketSection.swift */; };
		262BBE682AF3970400F98BF8 /* PopularView.swift in Sources */ = {isa = PBXBuildFile; fileRef = 262BBE672AF3970400F98BF8 /* PopularView.swift */; };
		2631736C2ADEA248003A5F12 /* NaverImageViewModel.swift in Sources */ = {isa = PBXBuildFile; fileRef = 2631736B2ADEA248003A5F12 /* NaverImageViewModel.swift */; };
		263212DD2AF29AC100337610 /* ListViewController.swift in Sources */ = {isa = PBXBuildFile; fileRef = 263212DC2AF29AC100337610 /* ListViewController.swift */; };
		263212DF2AF29B7800337610 /* ListViewModel.swift in Sources */ = {isa = PBXBuildFile; fileRef = 263212DE2AF29B7800337610 /* ListViewModel.swift */; };
		263212E12AF29BCC00337610 /* EventCell.swift in Sources */ = {isa = PBXBuildFile; fileRef = 263212E02AF29BCC00337610 /* EventCell.swift */; };
		263212E32AF29BF400337610 /* TitleSupplymentaryView.swift in Sources */ = {isa = PBXBuildFile; fileRef = 263212E22AF29BF400337610 /* TitleSupplymentaryView.swift */; };
		2633E7002AC6A2A4002581EB /* CityCell.swift in Sources */ = {isa = PBXBuildFile; fileRef = 2633E6FF2AC6A2A4002581EB /* CityCell.swift */; };
		2633E7042AC6AC90002581EB /* City.swift in Sources */ = {isa = PBXBuildFile; fileRef = 2633E7032AC6AC90002581EB /* City.swift */; };
		2633E7072AC6C4D5002581EB /* CityIndex.swift in Sources */ = {isa = PBXBuildFile; fileRef = 2633E7062AC6C4D5002581EB /* CityIndex.swift */; };
		2633E7092AC6E7ED002581EB /* DetailViewController.swift in Sources */ = {isa = PBXBuildFile; fileRef = 2633E7082AC6E7ED002581EB /* DetailViewController.swift */; };
		2633E70B2AC70955002581EB /* DetailMarketInfoCell.swift in Sources */ = {isa = PBXBuildFile; fileRef = 2633E70A2AC70955002581EB /* DetailMarketInfoCell.swift */; };
		2633E7112AC71DC8002581EB /* DetailHeaderCell.swift in Sources */ = {isa = PBXBuildFile; fileRef = 2633E7102AC71DC8002581EB /* DetailHeaderCell.swift */; };
		26A5BB622AD7E6C300D03FC7 /* ProfileBaseView.swift in Sources */ = {isa = PBXBuildFile; fileRef = 26A5BB612AD7E6C300D03FC7 /* ProfileBaseView.swift */; };
		26A5BB662AD8088800D03FC7 /* SaveMarketViewController.swift in Sources */ = {isa = PBXBuildFile; fileRef = 26A5BB652AD8088800D03FC7 /* SaveMarketViewController.swift */; };
		26A5BB682AD8351C00D03FC7 /* SaveTableView.swift in Sources */ = {isa = PBXBuildFile; fileRef = 26A5BB672AD8351C00D03FC7 /* SaveTableView.swift */; };
		26A5BB6B2AD8456900D03FC7 /* SavedDetailViewController.swift in Sources */ = {isa = PBXBuildFile; fileRef = 26A5BB6A2AD8456900D03FC7 /* SavedDetailViewController.swift */; };
		26A5BB6D2AD8458200D03FC7 /* SavedDetailView.swift in Sources */ = {isa = PBXBuildFile; fileRef = 26A5BB6C2AD8458200D03FC7 /* SavedDetailView.swift */; };
		26A9C4F72AC2E607004F955A /* CustomAnnotation.swift in Sources */ = {isa = PBXBuildFile; fileRef = 26A9C4F62AC2E607004F955A /* CustomAnnotation.swift */; };
		26A9C4FA2AC2E77D004F955A /* Toast in Frameworks */ = {isa = PBXBuildFile; productRef = 26A9C4F92AC2E77D004F955A /* Toast */; };
		26A9C4FC2AC324EE004F955A /* Ext+UIViewController.swift in Sources */ = {isa = PBXBuildFile; fileRef = 26A9C4FB2AC324EE004F955A /* Ext+UIViewController.swift */; };
		26AAD8A42AC44B07002E5DD4 /* CustomAnnotationView.swift in Sources */ = {isa = PBXBuildFile; fileRef = 26AAD8A32AC44B07002E5DD4 /* CustomAnnotationView.swift */; };
		26AAD8A92AC44FCD002E5DD4 /* TraditionalMarket.swift in Sources */ = {isa = PBXBuildFile; fileRef = 26AAD8A82AC44FCD002E5DD4 /* TraditionalMarket.swift */; };
		26AAD8AC2AC4554C002E5DD4 /* RealmSwift in Frameworks */ = {isa = PBXBuildFile; productRef = 26AAD8AB2AC4554C002E5DD4 /* RealmSwift */; };
		26AAD8AE2AC4559B002E5DD4 /* NetworkManager.swift in Sources */ = {isa = PBXBuildFile; fileRef = 26AAD8AD2AC4559B002E5DD4 /* NetworkManager.swift */; };
		26AAD8B12AC4560D002E5DD4 /* Alamofire in Frameworks */ = {isa = PBXBuildFile; productRef = 26AAD8B02AC4560D002E5DD4 /* Alamofire */; };
		26AAD8B62AC46203002E5DD4 /* TraditionalMarketViewModel.swift in Sources */ = {isa = PBXBuildFile; fileRef = 26AAD8B52AC46203002E5DD4 /* TraditionalMarketViewModel.swift */; };
		26AAD8B82AC46218002E5DD4 /* Observable.swift in Sources */ = {isa = PBXBuildFile; fileRef = 26AAD8B72AC46218002E5DD4 /* Observable.swift */; };
		26AAD8C12AC48574002E5DD4 /* MarketAPIManager.swift in Sources */ = {isa = PBXBuildFile; fileRef = 26AAD8C02AC48574002E5DD4 /* MarketAPIManager.swift */; };
		26ABF67E2AE2858200F60A35 /* WebViewController.swift in Sources */ = {isa = PBXBuildFile; fileRef = 26ABF67D2AE2858200F60A35 /* WebViewController.swift */; };
		26AF1DA52AF4F08500951BA0 /* ContentIdBaseFestival.swift in Sources */ = {isa = PBXBuildFile; fileRef = 26AF1DA42AF4F08500951BA0 /* ContentIdBaseFestival.swift */; };
		26BFF4F92AEB8EF30057466E /* Localizable.strings in Resources */ = {isa = PBXBuildFile; fileRef = 26BFF4FB2AEB8EF30057466E /* Localizable.strings */; };
		26BFF4FE2AEB90D70057466E /* Ext+String.swift in Sources */ = {isa = PBXBuildFile; fileRef = 26BFF4FD2AEB90D70057466E /* Ext+String.swift */; };
		26BFF5002AEBA2460057466E /* Ext+AddMarket.swift in Sources */ = {isa = PBXBuildFile; fileRef = 26BFF4FF2AEBA2460057466E /* Ext+AddMarket.swift */; };
		26C92EC42AD2F622002A53D2 /* SearchCell.swift in Sources */ = {isa = PBXBuildFile; fileRef = 26C92EC32AD2F622002A53D2 /* SearchCell.swift */; };
		26CC8E702AC843E9009ABB14 /* Ext+UIColor.swift in Sources */ = {isa = PBXBuildFile; fileRef = 26CC8E6F2AC843E9009ABB14 /* Ext+UIColor.swift */; };
		26CC8E752AC87180009ABB14 /* NaverMarketImage.swift in Sources */ = {isa = PBXBuildFile; fileRef = 26CC8E742AC87180009ABB14 /* NaverMarketImage.swift */; };
		26CC8E7B2AC87DDC009ABB14 /* Kingfisher in Frameworks */ = {isa = PBXBuildFile; productRef = 26CC8E7A2AC87DDC009ABB14 /* Kingfisher */; };
		26DB1A902ADB03CD008AAC99 /* Ext+UIStackView.swift in Sources */ = {isa = PBXBuildFile; fileRef = 26DB1A8F2ADB03CD008AAC99 /* Ext+UIStackView.swift */; };
		26DB1A922ADB0890008AAC99 /* Ext+UIImageView.swift in Sources */ = {isa = PBXBuildFile; fileRef = 26DB1A912ADB0890008AAC99 /* Ext+UIImageView.swift */; };
		26E31C532ACD3E0D00392068 /* ReusableIdentifier.swift in Sources */ = {isa = PBXBuildFile; fileRef = 26E31C522ACD3E0D00392068 /* ReusableIdentifier.swift */; };
		26E31C582ACD3FB400392068 /* BaseCollectionViewCell.swift in Sources */ = {isa = PBXBuildFile; fileRef = 26E31C572ACD3FB400392068 /* BaseCollectionViewCell.swift */; };
		26E31C5A2ACD40EA00392068 /* BaseHeaderReusableCollectionView.swift in Sources */ = {isa = PBXBuildFile; fileRef = 26E31C592ACD40EA00392068 /* BaseHeaderReusableCollectionView.swift */; };
		26E31C5C2ACD418C00392068 /* SaveMarketCell.swift in Sources */ = {isa = PBXBuildFile; fileRef = 26E31C5B2ACD418C00392068 /* SaveMarketCell.swift */; };
		26E31C602ACDC4C200392068 /* InfomationCell.swift in Sources */ = {isa = PBXBuildFile; fileRef = 26E31C5F2ACDC4C200392068 /* InfomationCell.swift */; };
		26E768282AD053AC0052EC4C /* SearchResultsViewController.swift in Sources */ = {isa = PBXBuildFile; fileRef = 26E768272AD053AC0052EC4C /* SearchResultsViewController.swift */; };
		26E7682A2AD07A820052EC4C /* Scale.swift in Sources */ = {isa = PBXBuildFile; fileRef = 26E768292AD07A820052EC4C /* Scale.swift */; };
		26E7863E2AE8FB8E00525E73 /* Router.swift in Sources */ = {isa = PBXBuildFile; fileRef = 26E7863D2AE8FB8E00525E73 /* Router.swift */; };
		26E786402AE9118F00525E73 /* DetailConditionViewController.swift in Sources */ = {isa = PBXBuildFile; fileRef = 26E7863F2AE9118F00525E73 /* DetailConditionViewController.swift */; };
		26E786422AE9149200525E73 /* DetailConditionView.swift in Sources */ = {isa = PBXBuildFile; fileRef = 26E786412AE9149200525E73 /* DetailConditionView.swift */; };
		26E786442AE92B3700525E73 /* KindOfMarket.swift in Sources */ = {isa = PBXBuildFile; fileRef = 26E786432AE92B3700525E73 /* KindOfMarket.swift */; };
		26E9F3692AD443340007B7CD /* GoogleService-Info.plist in Resources */ = {isa = PBXBuildFile; fileRef = 26E9F3682AD443340007B7CD /* GoogleService-Info.plist */; };
		26E9F36C2AD443CA0007B7CD /* FirebaseAnalyticsWithoutAdIdSupport in Frameworks */ = {isa = PBXBuildFile; productRef = 26E9F36B2AD443CA0007B7CD /* FirebaseAnalyticsWithoutAdIdSupport */; };
		26E9F36E2AD443CA0007B7CD /* FirebaseCrashlytics in Frameworks */ = {isa = PBXBuildFile; productRef = 26E9F36D2AD443CA0007B7CD /* FirebaseCrashlytics */; };
		26E9F3712AD518D30007B7CD /* FullImageViewController.swift in Sources */ = {isa = PBXBuildFile; fileRef = 26E9F3702AD518D20007B7CD /* FullImageViewController.swift */; };
		26E9F3732AD5A9190007B7CD /* ClusterAnnotationView.swift in Sources */ = {isa = PBXBuildFile; fileRef = 26E9F3722AD5A9190007B7CD /* ClusterAnnotationView.swift */; };
		26EA66442AC2AB4400F6FE6A /* AppDelegate.swift in Sources */ = {isa = PBXBuildFile; fileRef = 26EA66432AC2AB4400F6FE6A /* AppDelegate.swift */; };
		26EA66462AC2AB4400F6FE6A /* SceneDelegate.swift in Sources */ = {isa = PBXBuildFile; fileRef = 26EA66452AC2AB4400F6FE6A /* SceneDelegate.swift */; };
		26EA66482AC2AB4400F6FE6A /* MapViewController.swift in Sources */ = {isa = PBXBuildFile; fileRef = 26EA66472AC2AB4400F6FE6A /* MapViewController.swift */; };
		26EA664D2AC2AB4700F6FE6A /* Assets.xcassets in Resources */ = {isa = PBXBuildFile; fileRef = 26EA664C2AC2AB4700F6FE6A /* Assets.xcassets */; };
		26EA66502AC2AB4700F6FE6A /* LaunchScreen.storyboard in Resources */ = {isa = PBXBuildFile; fileRef = 26EA664E2AC2AB4700F6FE6A /* LaunchScreen.storyboard */; };
		26EA66582AC2ADED00F6FE6A /* MapView.swift in Sources */ = {isa = PBXBuildFile; fileRef = 26EA66572AC2ADED00F6FE6A /* MapView.swift */; };
		26EA665B2AC2AE0F00F6FE6A /* SnapKit in Frameworks */ = {isa = PBXBuildFile; productRef = 26EA665A2AC2AE0F00F6FE6A /* SnapKit */; };
		26EA75D22ACAC28D00FFDFDB /* StampViewController.swift in Sources */ = {isa = PBXBuildFile; fileRef = 26EA75D12ACAC28D00FFDFDB /* StampViewController.swift */; };
		26EA75D52ACAD7DF00FFDFDB /* StampView.swift in Sources */ = {isa = PBXBuildFile; fileRef = 26EA75D42ACAD7DF00FFDFDB /* StampView.swift */; };
		26EA75D72ACADABA00FFDFDB /* BaseView.swift in Sources */ = {isa = PBXBuildFile; fileRef = 26EA75D62ACADABA00FFDFDB /* BaseView.swift */; };
		26EA75D92ACB014F00FFDFDB /* Ext+UIButton.swift in Sources */ = {isa = PBXBuildFile; fileRef = 26EA75D82ACB014F00FFDFDB /* Ext+UIButton.swift */; };
		26EA75DB2ACB07A800FFDFDB /* Ext+UITextView.swift in Sources */ = {isa = PBXBuildFile; fileRef = 26EA75DA2ACB07A800FFDFDB /* Ext+UITextView.swift */; };
		26EA75E02ACB1DCA00FFDFDB /* FavoriteTable.swift in Sources */ = {isa = PBXBuildFile; fileRef = 26EA75DF2ACB1DCA00FFDFDB /* FavoriteTable.swift */; };
		26F62BC72AF40896002D10D5 /* LocationBaseFestival.swift in Sources */ = {isa = PBXBuildFile; fileRef = 26F62BC62AF40896002D10D5 /* LocationBaseFestival.swift */; };
		26F62BC92AF40F3B002D10D5 /* FestivalViewModel.swift in Sources */ = {isa = PBXBuildFile; fileRef = 26F62BC82AF40F3B002D10D5 /* FestivalViewModel.swift */; };
		26F9159C2AFB65F2003B5123 /* SkeletonView in Frameworks */ = {isa = PBXBuildFile; productRef = 26F9159B2AFB65F2003B5123 /* SkeletonView */; };
/* End PBXBuildFile section */

/* Begin PBXFileReference section */
		26015E342ACC0C7900D25C94 /* TabBarController.swift */ = {isa = PBXFileReference; lastKnownFileType = sourcecode.swift; path = TabBarController.swift; sourceTree = "<group>"; };
		26015E372ACC0CC300D25C94 /* ProfileViewController.swift */ = {isa = PBXFileReference; lastKnownFileType = sourcecode.swift; path = ProfileViewController.swift; sourceTree = "<group>"; };
		26229B9C2AC57528002FBE59 /* RealmManager.swift */ = {isa = PBXFileReference; lastKnownFileType = sourcecode.swift; path = RealmManager.swift; sourceTree = "<group>"; };
		26229B9E2AC575AD002FBE59 /* TraditionalMarketRealm.swift */ = {isa = PBXFileReference; lastKnownFileType = sourcecode.swift; path = TraditionalMarketRealm.swift; sourceTree = "<group>"; };
		26229BA72AC5AD84002FBE59 /* BaseViewController.swift */ = {isa = PBXFileReference; lastKnownFileType = sourcecode.swift; path = BaseViewController.swift; sourceTree = "<group>"; };
		262419682B38488E0036413D /* ServiceKey.swift */ = {isa = PBXFileReference; lastKnownFileType = sourcecode.swift; path = ServiceKey.swift; sourceTree = "<group>"; };
		262BBE622AF38CF700F98BF8 /* PopularMarketDetailViewController.swift */ = {isa = PBXFileReference; lastKnownFileType = sourcecode.swift; path = PopularMarketDetailViewController.swift; sourceTree = "<group>"; };
		262BBE642AF38F6400F98BF8 /* TenSelectedMarketSection.swift */ = {isa = PBXFileReference; lastKnownFileType = sourcecode.swift; path = TenSelectedMarketSection.swift; sourceTree = "<group>"; };
		262BBE672AF3970400F98BF8 /* PopularView.swift */ = {isa = PBXFileReference; lastKnownFileType = sourcecode.swift; path = PopularView.swift; sourceTree = "<group>"; };
		2631736B2ADEA248003A5F12 /* NaverImageViewModel.swift */ = {isa = PBXFileReference; lastKnownFileType = sourcecode.swift; path = NaverImageViewModel.swift; sourceTree = "<group>"; };
		263212DC2AF29AC100337610 /* ListViewController.swift */ = {isa = PBXFileReference; lastKnownFileType = sourcecode.swift; path = ListViewController.swift; sourceTree = "<group>"; };
		263212DE2AF29B7800337610 /* ListViewModel.swift */ = {isa = PBXFileReference; lastKnownFileType = sourcecode.swift; path = ListViewModel.swift; sourceTree = "<group>"; };
		263212E02AF29BCC00337610 /* EventCell.swift */ = {isa = PBXFileReference; lastKnownFileType = sourcecode.swift; path = EventCell.swift; sourceTree = "<group>"; };
		263212E22AF29BF400337610 /* TitleSupplymentaryView.swift */ = {isa = PBXFileReference; lastKnownFileType = sourcecode.swift; path = TitleSupplymentaryView.swift; sourceTree = "<group>"; };
		2633E6FF2AC6A2A4002581EB /* CityCell.swift */ = {isa = PBXFileReference; lastKnownFileType = sourcecode.swift; path = CityCell.swift; sourceTree = "<group>"; };
		2633E7032AC6AC90002581EB /* City.swift */ = {isa = PBXFileReference; lastKnownFileType = sourcecode.swift; path = City.swift; sourceTree = "<group>"; };
		2633E7062AC6C4D5002581EB /* CityIndex.swift */ = {isa = PBXFileReference; lastKnownFileType = sourcecode.swift; path = CityIndex.swift; sourceTree = "<group>"; };
		2633E7082AC6E7ED002581EB /* DetailViewController.swift */ = {isa = PBXFileReference; lastKnownFileType = sourcecode.swift; path = DetailViewController.swift; sourceTree = "<group>"; };
		2633E70A2AC70955002581EB /* DetailMarketInfoCell.swift */ = {isa = PBXFileReference; lastKnownFileType = sourcecode.swift; path = DetailMarketInfoCell.swift; sourceTree = "<group>"; };
		2633E7102AC71DC8002581EB /* DetailHeaderCell.swift */ = {isa = PBXFileReference; lastKnownFileType = sourcecode.swift; path = DetailHeaderCell.swift; sourceTree = "<group>"; };
		266BD1C42B00B874004DB800 /* Traditional_Market.entitlements */ = {isa = PBXFileReference; lastKnownFileType = text.plist.entitlements; path = Traditional_Market.entitlements; sourceTree = "<group>"; };
		26A5BB612AD7E6C300D03FC7 /* ProfileBaseView.swift */ = {isa = PBXFileReference; lastKnownFileType = sourcecode.swift; path = ProfileBaseView.swift; sourceTree = "<group>"; };
		26A5BB652AD8088800D03FC7 /* SaveMarketViewController.swift */ = {isa = PBXFileReference; lastKnownFileType = sourcecode.swift; path = SaveMarketViewController.swift; sourceTree = "<group>"; };
		26A5BB672AD8351C00D03FC7 /* SaveTableView.swift */ = {isa = PBXFileReference; lastKnownFileType = sourcecode.swift; path = SaveTableView.swift; sourceTree = "<group>"; };
		26A5BB6A2AD8456900D03FC7 /* SavedDetailViewController.swift */ = {isa = PBXFileReference; lastKnownFileType = sourcecode.swift; path = SavedDetailViewController.swift; sourceTree = "<group>"; };
		26A5BB6C2AD8458200D03FC7 /* SavedDetailView.swift */ = {isa = PBXFileReference; lastKnownFileType = sourcecode.swift; path = SavedDetailView.swift; sourceTree = "<group>"; };
		26A9C4F62AC2E607004F955A /* CustomAnnotation.swift */ = {isa = PBXFileReference; lastKnownFileType = sourcecode.swift; path = CustomAnnotation.swift; sourceTree = "<group>"; };
		26A9C4FB2AC324EE004F955A /* Ext+UIViewController.swift */ = {isa = PBXFileReference; lastKnownFileType = sourcecode.swift; path = "Ext+UIViewController.swift"; sourceTree = "<group>"; };
		26AAD8A32AC44B07002E5DD4 /* CustomAnnotationView.swift */ = {isa = PBXFileReference; lastKnownFileType = sourcecode.swift; path = CustomAnnotationView.swift; sourceTree = "<group>"; };
		26AAD8A82AC44FCD002E5DD4 /* TraditionalMarket.swift */ = {isa = PBXFileReference; lastKnownFileType = sourcecode.swift; path = TraditionalMarket.swift; sourceTree = "<group>"; };
		26AAD8AD2AC4559B002E5DD4 /* NetworkManager.swift */ = {isa = PBXFileReference; lastKnownFileType = sourcecode.swift; path = NetworkManager.swift; sourceTree = "<group>"; };
		26AAD8B52AC46203002E5DD4 /* TraditionalMarketViewModel.swift */ = {isa = PBXFileReference; lastKnownFileType = sourcecode.swift; path = TraditionalMarketViewModel.swift; sourceTree = "<group>"; };
		26AAD8B72AC46218002E5DD4 /* Observable.swift */ = {isa = PBXFileReference; lastKnownFileType = sourcecode.swift; path = Observable.swift; sourceTree = "<group>"; };
		26AAD8C02AC48574002E5DD4 /* MarketAPIManager.swift */ = {isa = PBXFileReference; lastKnownFileType = sourcecode.swift; path = MarketAPIManager.swift; sourceTree = "<group>"; };
		26ABF67D2AE2858200F60A35 /* WebViewController.swift */ = {isa = PBXFileReference; lastKnownFileType = sourcecode.swift; path = WebViewController.swift; sourceTree = "<group>"; };
		26AF1DA42AF4F08500951BA0 /* ContentIdBaseFestival.swift */ = {isa = PBXFileReference; lastKnownFileType = sourcecode.swift; path = ContentIdBaseFestival.swift; sourceTree = "<group>"; };
		26BFF4FA2AEB8EF30057466E /* ko */ = {isa = PBXFileReference; lastKnownFileType = text.plist.strings; name = ko; path = ko.lproj/Localizable.strings; sourceTree = "<group>"; };
		26BFF4FD2AEB90D70057466E /* Ext+String.swift */ = {isa = PBXFileReference; lastKnownFileType = sourcecode.swift; path = "Ext+String.swift"; sourceTree = "<group>"; };
		26BFF4FF2AEBA2460057466E /* Ext+AddMarket.swift */ = {isa = PBXFileReference; lastKnownFileType = sourcecode.swift; path = "Ext+AddMarket.swift"; sourceTree = "<group>"; };
		26C92EC32AD2F622002A53D2 /* SearchCell.swift */ = {isa = PBXFileReference; lastKnownFileType = sourcecode.swift; path = SearchCell.swift; sourceTree = "<group>"; };
		26CC8E6F2AC843E9009ABB14 /* Ext+UIColor.swift */ = {isa = PBXFileReference; lastKnownFileType = sourcecode.swift; path = "Ext+UIColor.swift"; sourceTree = "<group>"; };
		26CC8E742AC87180009ABB14 /* NaverMarketImage.swift */ = {isa = PBXFileReference; lastKnownFileType = sourcecode.swift; path = NaverMarketImage.swift; sourceTree = "<group>"; };
		26DB1A8F2ADB03CD008AAC99 /* Ext+UIStackView.swift */ = {isa = PBXFileReference; lastKnownFileType = sourcecode.swift; path = "Ext+UIStackView.swift"; sourceTree = "<group>"; };
		26DB1A912ADB0890008AAC99 /* Ext+UIImageView.swift */ = {isa = PBXFileReference; lastKnownFileType = sourcecode.swift; path = "Ext+UIImageView.swift"; sourceTree = "<group>"; };
		26E31C522ACD3E0D00392068 /* ReusableIdentifier.swift */ = {isa = PBXFileReference; lastKnownFileType = sourcecode.swift; path = ReusableIdentifier.swift; sourceTree = "<group>"; };
		26E31C572ACD3FB400392068 /* BaseCollectionViewCell.swift */ = {isa = PBXFileReference; lastKnownFileType = sourcecode.swift; path = BaseCollectionViewCell.swift; sourceTree = "<group>"; };
		26E31C592ACD40EA00392068 /* BaseHeaderReusableCollectionView.swift */ = {isa = PBXFileReference; lastKnownFileType = sourcecode.swift; path = BaseHeaderReusableCollectionView.swift; sourceTree = "<group>"; };
		26E31C5B2ACD418C00392068 /* SaveMarketCell.swift */ = {isa = PBXFileReference; lastKnownFileType = sourcecode.swift; path = SaveMarketCell.swift; sourceTree = "<group>"; };
		26E31C5F2ACDC4C200392068 /* InfomationCell.swift */ = {isa = PBXFileReference; lastKnownFileType = sourcecode.swift; path = InfomationCell.swift; sourceTree = "<group>"; };
		26E768272AD053AC0052EC4C /* SearchResultsViewController.swift */ = {isa = PBXFileReference; lastKnownFileType = sourcecode.swift; path = SearchResultsViewController.swift; sourceTree = "<group>"; };
		26E768292AD07A820052EC4C /* Scale.swift */ = {isa = PBXFileReference; lastKnownFileType = sourcecode.swift; path = Scale.swift; sourceTree = "<group>"; };
		26E7863D2AE8FB8E00525E73 /* Router.swift */ = {isa = PBXFileReference; lastKnownFileType = sourcecode.swift; path = Router.swift; sourceTree = "<group>"; };
		26E7863F2AE9118F00525E73 /* DetailConditionViewController.swift */ = {isa = PBXFileReference; lastKnownFileType = sourcecode.swift; path = DetailConditionViewController.swift; sourceTree = "<group>"; };
		26E786412AE9149200525E73 /* DetailConditionView.swift */ = {isa = PBXFileReference; lastKnownFileType = sourcecode.swift; path = DetailConditionView.swift; sourceTree = "<group>"; };
		26E786432AE92B3700525E73 /* KindOfMarket.swift */ = {isa = PBXFileReference; lastKnownFileType = sourcecode.swift; path = KindOfMarket.swift; sourceTree = "<group>"; };
		26E9F3682AD443340007B7CD /* GoogleService-Info.plist */ = {isa = PBXFileReference; fileEncoding = 4; lastKnownFileType = text.plist.xml; path = "GoogleService-Info.plist"; sourceTree = "<group>"; };
		26E9F3702AD518D20007B7CD /* FullImageViewController.swift */ = {isa = PBXFileReference; lastKnownFileType = sourcecode.swift; path = FullImageViewController.swift; sourceTree = "<group>"; };
		26E9F3722AD5A9190007B7CD /* ClusterAnnotationView.swift */ = {isa = PBXFileReference; lastKnownFileType = sourcecode.swift; path = ClusterAnnotationView.swift; sourceTree = "<group>"; };
		26EA66402AC2AB4400F6FE6A /* Traditional_Market.app */ = {isa = PBXFileReference; explicitFileType = wrapper.application; includeInIndex = 0; path = Traditional_Market.app; sourceTree = BUILT_PRODUCTS_DIR; };
		26EA66432AC2AB4400F6FE6A /* AppDelegate.swift */ = {isa = PBXFileReference; lastKnownFileType = sourcecode.swift; path = AppDelegate.swift; sourceTree = "<group>"; };
		26EA66452AC2AB4400F6FE6A /* SceneDelegate.swift */ = {isa = PBXFileReference; lastKnownFileType = sourcecode.swift; path = SceneDelegate.swift; sourceTree = "<group>"; };
		26EA66472AC2AB4400F6FE6A /* MapViewController.swift */ = {isa = PBXFileReference; lastKnownFileType = sourcecode.swift; path = MapViewController.swift; sourceTree = "<group>"; };
		26EA664C2AC2AB4700F6FE6A /* Assets.xcassets */ = {isa = PBXFileReference; lastKnownFileType = folder.assetcatalog; path = Assets.xcassets; sourceTree = "<group>"; };
		26EA664F2AC2AB4700F6FE6A /* Base */ = {isa = PBXFileReference; lastKnownFileType = file.storyboard; name = Base; path = Base.lproj/LaunchScreen.storyboard; sourceTree = "<group>"; };
		26EA66512AC2AB4700F6FE6A /* Info.plist */ = {isa = PBXFileReference; lastKnownFileType = text.plist.xml; path = Info.plist; sourceTree = "<group>"; };
		26EA66572AC2ADED00F6FE6A /* MapView.swift */ = {isa = PBXFileReference; lastKnownFileType = sourcecode.swift; path = MapView.swift; sourceTree = "<group>"; };
		26EA75D12ACAC28D00FFDFDB /* StampViewController.swift */ = {isa = PBXFileReference; lastKnownFileType = sourcecode.swift; path = StampViewController.swift; sourceTree = "<group>"; };
		26EA75D42ACAD7DF00FFDFDB /* StampView.swift */ = {isa = PBXFileReference; lastKnownFileType = sourcecode.swift; path = StampView.swift; sourceTree = "<group>"; };
		26EA75D62ACADABA00FFDFDB /* BaseView.swift */ = {isa = PBXFileReference; lastKnownFileType = sourcecode.swift; path = BaseView.swift; sourceTree = "<group>"; };
		26EA75D82ACB014F00FFDFDB /* Ext+UIButton.swift */ = {isa = PBXFileReference; lastKnownFileType = sourcecode.swift; path = "Ext+UIButton.swift"; sourceTree = "<group>"; };
		26EA75DA2ACB07A800FFDFDB /* Ext+UITextView.swift */ = {isa = PBXFileReference; lastKnownFileType = sourcecode.swift; path = "Ext+UITextView.swift"; sourceTree = "<group>"; };
		26EA75DF2ACB1DCA00FFDFDB /* FavoriteTable.swift */ = {isa = PBXFileReference; lastKnownFileType = sourcecode.swift; path = FavoriteTable.swift; sourceTree = "<group>"; };
		26F62BC62AF40896002D10D5 /* LocationBaseFestival.swift */ = {isa = PBXFileReference; lastKnownFileType = sourcecode.swift; path = LocationBaseFestival.swift; sourceTree = "<group>"; };
		26F62BC82AF40F3B002D10D5 /* FestivalViewModel.swift */ = {isa = PBXFileReference; lastKnownFileType = sourcecode.swift; path = FestivalViewModel.swift; sourceTree = "<group>"; };
/* End PBXFileReference section */

/* Begin PBXFrameworksBuildPhase section */
		26EA663D2AC2AB4400F6FE6A /* Frameworks */ = {
			isa = PBXFrameworksBuildPhase;
			buildActionMask = 2147483647;
			files = (
				26AAD8AC2AC4554C002E5DD4 /* RealmSwift in Frameworks */,
				26E9F36C2AD443CA0007B7CD /* FirebaseAnalyticsWithoutAdIdSupport in Frameworks */,
				26AAD8B12AC4560D002E5DD4 /* Alamofire in Frameworks */,
				26E9F36E2AD443CA0007B7CD /* FirebaseCrashlytics in Frameworks */,
				26F9159C2AFB65F2003B5123 /* SkeletonView in Frameworks */,
				26A9C4FA2AC2E77D004F955A /* Toast in Frameworks */,
				26EA665B2AC2AE0F00F6FE6A /* SnapKit in Frameworks */,
				26CC8E7B2AC87DDC009ABB14 /* Kingfisher in Frameworks */,
			);
			runOnlyForDeploymentPostprocessing = 0;
		};
/* End PBXFrameworksBuildPhase section */

/* Begin PBXGroup section */
		26015E332ACC0C4A00D25C94 /* TabBarVC */ = {
			isa = PBXGroup;
			children = (
				26015E342ACC0C7900D25C94 /* TabBarController.swift */,
			);
			path = TabBarVC;
			sourceTree = "<group>";
		};
		26015E362ACC0CAF00D25C94 /* ProfileVC */ = {
			isa = PBXGroup;
			children = (
				26015E372ACC0CC300D25C94 /* ProfileViewController.swift */,
				26A5BB612AD7E6C300D03FC7 /* ProfileBaseView.swift */,
				26ABF67D2AE2858200F60A35 /* WebViewController.swift */,
				26A5BB692AD8454000D03FC7 /* SavedMarket */,
				26E31C542ACD3F5400392068 /* Cell */,
			);
			path = ProfileVC;
			sourceTree = "<group>";
		};
		26229B9B2AC57518002FBE59 /* Realm */ = {
			isa = PBXGroup;
			children = (
				26229B9E2AC575AD002FBE59 /* TraditionalMarketRealm.swift */,
				26EA75DF2ACB1DCA00FFDFDB /* FavoriteTable.swift */,
				26229B9C2AC57528002FBE59 /* RealmManager.swift */,
			);
			path = Realm;
			sourceTree = "<group>";
		};
		26229BA62AC5AD76002FBE59 /* Base */ = {
			isa = PBXGroup;
			children = (
				26229BA72AC5AD84002FBE59 /* BaseViewController.swift */,
				26EA75D62ACADABA00FFDFDB /* BaseView.swift */,
				26E31C572ACD3FB400392068 /* BaseCollectionViewCell.swift */,
				26E31C592ACD40EA00392068 /* BaseHeaderReusableCollectionView.swift */,
			);
			path = Base;
			sourceTree = "<group>";
		};
		262BBE602AF38CB700F98BF8 /* HeaderView */ = {
			isa = PBXGroup;
			children = (
				263212E22AF29BF400337610 /* TitleSupplymentaryView.swift */,
			);
			path = HeaderView;
			sourceTree = "<group>";
		};
		262BBE612AF38CC500F98BF8 /* EventCell */ = {
			isa = PBXGroup;
			children = (
				263212E02AF29BCC00337610 /* EventCell.swift */,
			);
			path = EventCell;
			sourceTree = "<group>";
		};
		262BBE662AF396EE00F98BF8 /* PopularMarket */ = {
			isa = PBXGroup;
			children = (
				262BBE622AF38CF700F98BF8 /* PopularMarketDetailViewController.swift */,
				262BBE672AF3970400F98BF8 /* PopularView.swift */,
			);
			path = PopularMarket;
			sourceTree = "<group>";
		};
		263212DB2AF29AA600337610 /* List */ = {
			isa = PBXGroup;
			children = (
				263212DC2AF29AC100337610 /* ListViewController.swift */,
				262BBE662AF396EE00F98BF8 /* PopularMarket */,
				263212DE2AF29B7800337610 /* ListViewModel.swift */,
				262BBE612AF38CC500F98BF8 /* EventCell */,
				262BBE602AF38CB700F98BF8 /* HeaderView */,
			);
			path = List;
			sourceTree = "<group>";
		};
		2633E6FA2AC69254002581EB /* City */ = {
			isa = PBXGroup;
			children = (
				2633E6FF2AC6A2A4002581EB /* CityCell.swift */,
			);
			path = City;
			sourceTree = "<group>";
		};
		2633E7052AC6C4C1002581EB /* Enum */ = {
			isa = PBXGroup;
			children = (
				2633E7062AC6C4D5002581EB /* CityIndex.swift */,
				26E768292AD07A820052EC4C /* Scale.swift */,
				26E786432AE92B3700525E73 /* KindOfMarket.swift */,
				262BBE642AF38F6400F98BF8 /* TenSelectedMarketSection.swift */,
			);
			path = Enum;
			sourceTree = "<group>";
		};
		26A5BB692AD8454000D03FC7 /* SavedMarket */ = {
			isa = PBXGroup;
			children = (
				26A5BB652AD8088800D03FC7 /* SaveMarketViewController.swift */,
				26A5BB672AD8351C00D03FC7 /* SaveTableView.swift */,
				26A5BB6A2AD8456900D03FC7 /* SavedDetailViewController.swift */,
				26A5BB6C2AD8458200D03FC7 /* SavedDetailView.swift */,
			);
			path = SavedMarket;
			sourceTree = "<group>";
		};
		26AAD8A52AC44D9B002E5DD4 /* MapView */ = {
			isa = PBXGroup;
			children = (
				2633E6FA2AC69254002581EB /* City */,
				26EA75D32ACAC2B700FFDFDB /* MapVC */,
				26E9F3672AD406B80007B7CD /* SearchVC */,
				26EA75D02ACAC27200FFDFDB /* StampVC */,
				26CC8E712AC84B70009ABB14 /* DetailVC */,
			);
			path = MapView;
			sourceTree = "<group>";
		};
		26AAD8A62AC44DA6002E5DD4 /* Network */ = {
			isa = PBXGroup;
			children = (
				26AAD8AD2AC4559B002E5DD4 /* NetworkManager.swift */,
				26AAD8C02AC48574002E5DD4 /* MarketAPIManager.swift */,
				26E7863D2AE8FB8E00525E73 /* Router.swift */,
			);
			path = Network;
			sourceTree = "<group>";
		};
		26AAD8A72AC44DAD002E5DD4 /* Model */ = {
			isa = PBXGroup;
			children = (
				26AAD8A82AC44FCD002E5DD4 /* TraditionalMarket.swift */,
				26CC8E742AC87180009ABB14 /* NaverMarketImage.swift */,
				2633E7032AC6AC90002581EB /* City.swift */,
				26F62BC62AF40896002D10D5 /* LocationBaseFestival.swift */,
				26AF1DA42AF4F08500951BA0 /* ContentIdBaseFestival.swift */,
			);
			path = Model;
			sourceTree = "<group>";
		};
		26AAD8B42AC461E7002E5DD4 /* ViewModel */ = {
			isa = PBXGroup;
			children = (
				26AAD8B72AC46218002E5DD4 /* Observable.swift */,
				26AAD8B52AC46203002E5DD4 /* TraditionalMarketViewModel.swift */,
				2631736B2ADEA248003A5F12 /* NaverImageViewModel.swift */,
				26F62BC82AF40F3B002D10D5 /* FestivalViewModel.swift */,
			);
			path = ViewModel;
			sourceTree = "<group>";
		};
		26CABD902AEF877F006AEFA9 /* FiveDetailCondition */ = {
			isa = PBXGroup;
			children = (
				26E7863F2AE9118F00525E73 /* DetailConditionViewController.swift */,
				26E786412AE9149200525E73 /* DetailConditionView.swift */,
			);
			path = FiveDetailCondition;
			sourceTree = "<group>";
		};
		26CC8E6E2AC843D9009ABB14 /* Extension */ = {
			isa = PBXGroup;
			children = (
				26CC8E6F2AC843E9009ABB14 /* Ext+UIColor.swift */,
				26DB1A912ADB0890008AAC99 /* Ext+UIImageView.swift */,
				26EA75D82ACB014F00FFDFDB /* Ext+UIButton.swift */,
				26EA75DA2ACB07A800FFDFDB /* Ext+UITextView.swift */,
				26A9C4FB2AC324EE004F955A /* Ext+UIViewController.swift */,
				26DB1A8F2ADB03CD008AAC99 /* Ext+UIStackView.swift */,
				26BFF4FD2AEB90D70057466E /* Ext+String.swift */,
				26BFF4FF2AEBA2460057466E /* Ext+AddMarket.swift */,
			);
			path = Extension;
			sourceTree = "<group>";
		};
		26CC8E712AC84B70009ABB14 /* DetailVC */ = {
			isa = PBXGroup;
			children = (
				2633E7082AC6E7ED002581EB /* DetailViewController.swift */,
				2633E70A2AC70955002581EB /* DetailMarketInfoCell.swift */,
				2633E7102AC71DC8002581EB /* DetailHeaderCell.swift */,
				26E9F3702AD518D20007B7CD /* FullImageViewController.swift */,
			);
			path = DetailVC;
			sourceTree = "<group>";
		};
		26E31C512ACD3DE900392068 /* Protocol */ = {
			isa = PBXGroup;
			children = (
				26E31C522ACD3E0D00392068 /* ReusableIdentifier.swift */,
			);
			path = Protocol;
			sourceTree = "<group>";
		};
		26E31C542ACD3F5400392068 /* Cell */ = {
			isa = PBXGroup;
			children = (
				26E31C5B2ACD418C00392068 /* SaveMarketCell.swift */,
				26E31C5F2ACDC4C200392068 /* InfomationCell.swift */,
			);
			path = Cell;
			sourceTree = "<group>";
		};
		26E9F3672AD406B80007B7CD /* SearchVC */ = {
			isa = PBXGroup;
			children = (
				26E768272AD053AC0052EC4C /* SearchResultsViewController.swift */,
				26C92EC32AD2F622002A53D2 /* SearchCell.swift */,
			);
			path = SearchVC;
			sourceTree = "<group>";
		};
		26EA66372AC2AB4400F6FE6A = {
			isa = PBXGroup;
			children = (
				26EA66422AC2AB4400F6FE6A /* Traditional_Market */,
				26EA66412AC2AB4400F6FE6A /* Products */,
			);
			sourceTree = "<group>";
		};
		26EA66412AC2AB4400F6FE6A /* Products */ = {
			isa = PBXGroup;
			children = (
				26EA66402AC2AB4400F6FE6A /* Traditional_Market.app */,
			);
			name = Products;
			sourceTree = "<group>";
		};
		26EA66422AC2AB4400F6FE6A /* Traditional_Market */ = {
			isa = PBXGroup;
			children = (
				266BD1C42B00B874004DB800 /* Traditional_Market.entitlements */,
				26E31C512ACD3DE900392068 /* Protocol */,
				26CC8E6E2AC843D9009ABB14 /* Extension */,
				2633E7052AC6C4C1002581EB /* Enum */,
				26229BA62AC5AD76002FBE59 /* Base */,
				26229B9B2AC57518002FBE59 /* Realm */,
				26AAD8B42AC461E7002E5DD4 /* ViewModel */,
				26AAD8A72AC44DAD002E5DD4 /* Model */,
				26AAD8A62AC44DA6002E5DD4 /* Network */,
				26015E332ACC0C4A00D25C94 /* TabBarVC */,
				263212DB2AF29AA600337610 /* List */,
				26AAD8A52AC44D9B002E5DD4 /* MapView */,
				26015E362ACC0CAF00D25C94 /* ProfileVC */,
				26EA66432AC2AB4400F6FE6A /* AppDelegate.swift */,
				262418F32B380AAD0036413D /* ServiceKey.swift */,
				26EA66452AC2AB4400F6FE6A /* SceneDelegate.swift */,
				26BFF4FB2AEB8EF30057466E /* Localizable.strings */,
				262419682B38488E0036413D /* ServiceKey.swift */,
				26EA664C2AC2AB4700F6FE6A /* Assets.xcassets */,
				26EA664E2AC2AB4700F6FE6A /* LaunchScreen.storyboard */,
				26EA66512AC2AB4700F6FE6A /* Info.plist */,
				26E9F3682AD443340007B7CD /* GoogleService-Info.plist */,
			);
			path = Traditional_Market;
			sourceTree = "<group>";
		};
		26EA75D02ACAC27200FFDFDB /* StampVC */ = {
			isa = PBXGroup;
			children = (
				26EA75D12ACAC28D00FFDFDB /* StampViewController.swift */,
				26EA75D42ACAD7DF00FFDFDB /* StampView.swift */,
			);
			path = StampVC;
			sourceTree = "<group>";
		};
		26EA75D32ACAC2B700FFDFDB /* MapVC */ = {
			isa = PBXGroup;
			children = (
				26EA66472AC2AB4400F6FE6A /* MapViewController.swift */,
				26A9C4F62AC2E607004F955A /* CustomAnnotation.swift */,
				26AAD8A32AC44B07002E5DD4 /* CustomAnnotationView.swift */,
				26E9F3722AD5A9190007B7CD /* ClusterAnnotationView.swift */,
				26EA66572AC2ADED00F6FE6A /* MapView.swift */,
				26CABD902AEF877F006AEFA9 /* FiveDetailCondition */,
			);
			path = MapVC;
			sourceTree = "<group>";
		};
/* End PBXGroup section */

/* Begin PBXNativeTarget section */
		26EA663F2AC2AB4400F6FE6A /* Traditional_Market */ = {
			isa = PBXNativeTarget;
			buildConfigurationList = 26EA66542AC2AB4700F6FE6A /* Build configuration list for PBXNativeTarget "Traditional_Market" */;
			buildPhases = (
				26EA663C2AC2AB4400F6FE6A /* Sources */,
				26EA663D2AC2AB4400F6FE6A /* Frameworks */,
				26EA663E2AC2AB4400F6FE6A /* Resources */,
				26E9F36F2AD444860007B7CD /* ShellScript */,
			);
			buildRules = (
			);
			dependencies = (
			);
			name = Traditional_Market;
			packageProductDependencies = (
				26EA665A2AC2AE0F00F6FE6A /* SnapKit */,
				26A9C4F92AC2E77D004F955A /* Toast */,
				26AAD8AB2AC4554C002E5DD4 /* RealmSwift */,
				26AAD8B02AC4560D002E5DD4 /* Alamofire */,
				26CC8E7A2AC87DDC009ABB14 /* Kingfisher */,
				26E9F36B2AD443CA0007B7CD /* FirebaseAnalyticsWithoutAdIdSupport */,
				26E9F36D2AD443CA0007B7CD /* FirebaseCrashlytics */,
				26F9159B2AFB65F2003B5123 /* SkeletonView */,
			);
			productName = Traditional_Market;
			productReference = 26EA66402AC2AB4400F6FE6A /* Traditional_Market.app */;
			productType = "com.apple.product-type.application";
		};
/* End PBXNativeTarget section */

/* Begin PBXProject section */
		26EA66382AC2AB4400F6FE6A /* Project object */ = {
			isa = PBXProject;
			attributes = {
				BuildIndependentTargetsInParallel = 1;
				LastSwiftUpdateCheck = 1430;
				LastUpgradeCheck = 1430;
				TargetAttributes = {
					26EA663F2AC2AB4400F6FE6A = {
						CreatedOnToolsVersion = 14.3.1;
					};
				};
			};
			buildConfigurationList = 26EA663B2AC2AB4400F6FE6A /* Build configuration list for PBXProject "Traditional_Market" */;
			compatibilityVersion = "Xcode 14.0";
			developmentRegion = ko;
			hasScannedForEncodings = 0;
			knownRegions = (
				ko,
				Base,
			);
			mainGroup = 26EA66372AC2AB4400F6FE6A;
			packageReferences = (
				26EA66592AC2AE0F00F6FE6A /* XCRemoteSwiftPackageReference "SnapKit" */,
				26A9C4F82AC2E77D004F955A /* XCRemoteSwiftPackageReference "Toast-Swift" */,
				26AAD8AA2AC4554C002E5DD4 /* XCRemoteSwiftPackageReference "realm-swift" */,
				26AAD8AF2AC4560D002E5DD4 /* XCRemoteSwiftPackageReference "Alamofire" */,
				26CC8E792AC87DDC009ABB14 /* XCRemoteSwiftPackageReference "Kingfisher" */,
				26E9F36A2AD443CA0007B7CD /* XCRemoteSwiftPackageReference "firebase-ios-sdk" */,
				26F9159A2AFB65F2003B5123 /* XCRemoteSwiftPackageReference "SkeletonView" */,
			);
			productRefGroup = 26EA66412AC2AB4400F6FE6A /* Products */;
			projectDirPath = "";
			projectRoot = "";
			targets = (
				26EA663F2AC2AB4400F6FE6A /* Traditional_Market */,
			);
		};
/* End PBXProject section */

/* Begin PBXResourcesBuildPhase section */
		26EA663E2AC2AB4400F6FE6A /* Resources */ = {
			isa = PBXResourcesBuildPhase;
			buildActionMask = 2147483647;
			files = (
				26E9F3692AD443340007B7CD /* GoogleService-Info.plist in Resources */,
				26BFF4F92AEB8EF30057466E /* Localizable.strings in Resources */,
				26EA66502AC2AB4700F6FE6A /* LaunchScreen.storyboard in Resources */,
				26EA664D2AC2AB4700F6FE6A /* Assets.xcassets in Resources */,
			);
			runOnlyForDeploymentPostprocessing = 0;
		};
/* End PBXResourcesBuildPhase section */

/* Begin PBXShellScriptBuildPhase section */
		26E9F36F2AD444860007B7CD /* ShellScript */ = {
			isa = PBXShellScriptBuildPhase;
			buildActionMask = 2147483647;
			files = (
			);
			inputFileListPaths = (
			);
			inputPaths = (
				"${DWARF_DSYM_FOLDER_PATH}/${DWARF_DSYM_FILE_NAME}",
				"${DWARF_DSYM_FOLDER_PATH}/${DWARF_DSYM_FILE_NAME}/Contents/Resources/DWARF/${PRODUCT_NAME}",
				"${DWARF_DSYM_FOLDER_PATH}/${DWARF_DSYM_FILE_NAME}/Contents/Info.plist",
				"$(TARGET_BUILD_DIR)/$(UNLOCALIZED_RESOURCES_FOLDER_PATH)/GoogleService-Info.plist",
				"$(TARGET_BUILD_DIR)/$(EXECUTABLE_PATH)",
			);
			outputFileListPaths = (
			);
			outputPaths = (
			);
			runOnlyForDeploymentPostprocessing = 0;
			shellPath = /bin/sh;
			shellScript = "# Type a script or drag a script file from your workspace to insert its path.\n\"${BUILD_DIR%/Build/*}/SourcePackages/checkouts/firebase-ios-sdk/Crashlytics/run\"\n";
		};
/* End PBXShellScriptBuildPhase section */

/* Begin PBXSourcesBuildPhase section */
		26EA663C2AC2AB4400F6FE6A /* Sources */ = {
			isa = PBXSourcesBuildPhase;
			buildActionMask = 2147483647;
			files = (
				26EA75D72ACADABA00FFDFDB /* BaseView.swift in Sources */,
				26C92EC42AD2F622002A53D2 /* SearchCell.swift in Sources */,
				263212DD2AF29AC100337610 /* ListViewController.swift in Sources */,
				26229B9F2AC575AD002FBE59 /* TraditionalMarketRealm.swift in Sources */,
				2633E7002AC6A2A4002581EB /* CityCell.swift in Sources */,
				26AAD8C12AC48574002E5DD4 /* MarketAPIManager.swift in Sources */,
				262BBE652AF38F6400F98BF8 /* TenSelectedMarketSection.swift in Sources */,
				26AAD8B82AC46218002E5DD4 /* Observable.swift in Sources */,
				2633E7072AC6C4D5002581EB /* CityIndex.swift in Sources */,
				26CC8E702AC843E9009ABB14 /* Ext+UIColor.swift in Sources */,
				2633E7112AC71DC8002581EB /* DetailHeaderCell.swift in Sources */,
				26AAD8B62AC46203002E5DD4 /* TraditionalMarketViewModel.swift in Sources */,
				26E7863E2AE8FB8E00525E73 /* Router.swift in Sources */,
				26229BA82AC5AD84002FBE59 /* BaseViewController.swift in Sources */,
				2631736C2ADEA248003A5F12 /* NaverImageViewModel.swift in Sources */,
				26DB1A902ADB03CD008AAC99 /* Ext+UIStackView.swift in Sources */,
				26ABF67E2AE2858200F60A35 /* WebViewController.swift in Sources */,
				26A5BB6B2AD8456900D03FC7 /* SavedDetailViewController.swift in Sources */,
				26E786442AE92B3700525E73 /* KindOfMarket.swift in Sources */,
				262BBE682AF3970400F98BF8 /* PopularView.swift in Sources */,
				2633E7042AC6AC90002581EB /* City.swift in Sources */,
				262BBE632AF38CF700F98BF8 /* PopularMarketDetailViewController.swift in Sources */,
				2633E70B2AC70955002581EB /* DetailMarketInfoCell.swift in Sources */,
				26EA75D22ACAC28D00FFDFDB /* StampViewController.swift in Sources */,
				26A5BB682AD8351C00D03FC7 /* SaveTableView.swift in Sources */,
				26DB1A922ADB0890008AAC99 /* Ext+UIImageView.swift in Sources */,
				262419692B38488E0036413D /* ServiceKey.swift in Sources */,
				26E31C532ACD3E0D00392068 /* ReusableIdentifier.swift in Sources */,
				26CC8E752AC87180009ABB14 /* NaverMarketImage.swift in Sources */,
				26EA66482AC2AB4400F6FE6A /* MapViewController.swift in Sources */,
				26E31C5C2ACD418C00392068 /* SaveMarketCell.swift in Sources */,
				26E9F3712AD518D30007B7CD /* FullImageViewController.swift in Sources */,
				26EA66582AC2ADED00F6FE6A /* MapView.swift in Sources */,
				26E786402AE9118F00525E73 /* DetailConditionViewController.swift in Sources */,
				2633E7092AC6E7ED002581EB /* DetailViewController.swift in Sources */,
				263212E12AF29BCC00337610 /* EventCell.swift in Sources */,
				26E31C582ACD3FB400392068 /* BaseCollectionViewCell.swift in Sources */,
				26AAD8AE2AC4559B002E5DD4 /* NetworkManager.swift in Sources */,
				26EA75D92ACB014F00FFDFDB /* Ext+UIButton.swift in Sources */,
				26EA75E02ACB1DCA00FFDFDB /* FavoriteTable.swift in Sources */,
				26F62BC72AF40896002D10D5 /* LocationBaseFestival.swift in Sources */,
				26EA75DB2ACB07A800FFDFDB /* Ext+UITextView.swift in Sources */,
				26015E382ACC0CC300D25C94 /* ProfileViewController.swift in Sources */,
				26F62BC92AF40F3B002D10D5 /* FestivalViewModel.swift in Sources */,
				263212DF2AF29B7800337610 /* ListViewModel.swift in Sources */,
				26E786422AE9149200525E73 /* DetailConditionView.swift in Sources */,
				26E7682A2AD07A820052EC4C /* Scale.swift in Sources */,
				26015E352ACC0C7900D25C94 /* TabBarController.swift in Sources */,
				26BFF5002AEBA2460057466E /* Ext+AddMarket.swift in Sources */,
				26A5BB6D2AD8458200D03FC7 /* SavedDetailView.swift in Sources */,
				26229B9D2AC57528002FBE59 /* RealmManager.swift in Sources */,
				26EA66442AC2AB4400F6FE6A /* AppDelegate.swift in Sources */,
				26EA66462AC2AB4400F6FE6A /* SceneDelegate.swift in Sources */,
				26AF1DA52AF4F08500951BA0 /* ContentIdBaseFestival.swift in Sources */,
				26A5BB622AD7E6C300D03FC7 /* ProfileBaseView.swift in Sources */,
				26A9C4FC2AC324EE004F955A /* Ext+UIViewController.swift in Sources */,
				26E31C5A2ACD40EA00392068 /* BaseHeaderReusableCollectionView.swift in Sources */,
				26AAD8A42AC44B07002E5DD4 /* CustomAnnotationView.swift in Sources */,
				26A9C4F72AC2E607004F955A /* CustomAnnotation.swift in Sources */,
				26BFF4FE2AEB90D70057466E /* Ext+String.swift in Sources */,
				26EA75D52ACAD7DF00FFDFDB /* StampView.swift in Sources */,
				26E9F3732AD5A9190007B7CD /* ClusterAnnotationView.swift in Sources */,
				26E768282AD053AC0052EC4C /* SearchResultsViewController.swift in Sources */,
				26A5BB662AD8088800D03FC7 /* SaveMarketViewController.swift in Sources */,
				26E31C602ACDC4C200392068 /* InfomationCell.swift in Sources */,
				263212E32AF29BF400337610 /* TitleSupplymentaryView.swift in Sources */,
				26AAD8A92AC44FCD002E5DD4 /* TraditionalMarket.swift in Sources */,
			);
			runOnlyForDeploymentPostprocessing = 0;
		};
/* End PBXSourcesBuildPhase section */

/* Begin PBXVariantGroup section */
		26BFF4FB2AEB8EF30057466E /* Localizable.strings */ = {
			isa = PBXVariantGroup;
			children = (
				26BFF4FA2AEB8EF30057466E /* ko */,
			);
			name = Localizable.strings;
			sourceTree = "<group>";
		};
		26EA664E2AC2AB4700F6FE6A /* LaunchScreen.storyboard */ = {
			isa = PBXVariantGroup;
			children = (
				26EA664F2AC2AB4700F6FE6A /* Base */,
			);
			name = LaunchScreen.storyboard;
			sourceTree = "<group>";
		};
/* End PBXVariantGroup section */

/* Begin XCBuildConfiguration section */
		26EA66522AC2AB4700F6FE6A /* Debug */ = {
			isa = XCBuildConfiguration;
			buildSettings = {
				ALWAYS_SEARCH_USER_PATHS = NO;
				CLANG_ANALYZER_LOCALIZABILITY_NONLOCALIZED = YES;
				CLANG_ANALYZER_NONNULL = YES;
				CLANG_ANALYZER_NUMBER_OBJECT_CONVERSION = YES_AGGRESSIVE;
				CLANG_CXX_LANGUAGE_STANDARD = "gnu++20";
				CLANG_ENABLE_MODULES = YES;
				CLANG_ENABLE_OBJC_ARC = YES;
				CLANG_ENABLE_OBJC_WEAK = YES;
				CLANG_WARN_BLOCK_CAPTURE_AUTORELEASING = YES;
				CLANG_WARN_BOOL_CONVERSION = YES;
				CLANG_WARN_COMMA = YES;
				CLANG_WARN_CONSTANT_CONVERSION = YES;
				CLANG_WARN_DEPRECATED_OBJC_IMPLEMENTATIONS = YES;
				CLANG_WARN_DIRECT_OBJC_ISA_USAGE = YES_ERROR;
				CLANG_WARN_DOCUMENTATION_COMMENTS = YES;
				CLANG_WARN_EMPTY_BODY = YES;
				CLANG_WARN_ENUM_CONVERSION = YES;
				CLANG_WARN_INFINITE_RECURSION = YES;
				CLANG_WARN_INT_CONVERSION = YES;
				CLANG_WARN_NON_LITERAL_NULL_CONVERSION = YES;
				CLANG_WARN_OBJC_IMPLICIT_RETAIN_SELF = YES;
				CLANG_WARN_OBJC_LITERAL_CONVERSION = YES;
				CLANG_WARN_OBJC_ROOT_CLASS = YES_ERROR;
				CLANG_WARN_QUOTED_INCLUDE_IN_FRAMEWORK_HEADER = YES;
				CLANG_WARN_RANGE_LOOP_ANALYSIS = YES;
				CLANG_WARN_STRICT_PROTOTYPES = YES;
				CLANG_WARN_SUSPICIOUS_MOVE = YES;
				CLANG_WARN_UNGUARDED_AVAILABILITY = YES_AGGRESSIVE;
				CLANG_WARN_UNREACHABLE_CODE = YES;
				CLANG_WARN__DUPLICATE_METHOD_MATCH = YES;
				COPY_PHASE_STRIP = NO;
				DEBUG_INFORMATION_FORMAT = dwarf;
				ENABLE_STRICT_OBJC_MSGSEND = YES;
				ENABLE_TESTABILITY = YES;
				GCC_C_LANGUAGE_STANDARD = gnu11;
				GCC_DYNAMIC_NO_PIC = NO;
				GCC_NO_COMMON_BLOCKS = YES;
				GCC_OPTIMIZATION_LEVEL = 0;
				GCC_PREPROCESSOR_DEFINITIONS = (
					"DEBUG=1",
					"$(inherited)",
				);
				GCC_WARN_64_TO_32_BIT_CONVERSION = YES;
				GCC_WARN_ABOUT_RETURN_TYPE = YES_ERROR;
				GCC_WARN_UNDECLARED_SELECTOR = YES;
				GCC_WARN_UNINITIALIZED_AUTOS = YES_AGGRESSIVE;
				GCC_WARN_UNUSED_FUNCTION = YES;
				GCC_WARN_UNUSED_VARIABLE = YES;
				IPHONEOS_DEPLOYMENT_TARGET = 16.4;
				MTL_ENABLE_DEBUG_INFO = INCLUDE_SOURCE;
				MTL_FAST_MATH = YES;
				ONLY_ACTIVE_ARCH = YES;
				SDKROOT = iphoneos;
				SWIFT_ACTIVE_COMPILATION_CONDITIONS = DEBUG;
				SWIFT_OPTIMIZATION_LEVEL = "-Onone";
			};
			name = Debug;
		};
		26EA66532AC2AB4700F6FE6A /* Release */ = {
			isa = XCBuildConfiguration;
			buildSettings = {
				ALWAYS_SEARCH_USER_PATHS = NO;
				CLANG_ANALYZER_LOCALIZABILITY_NONLOCALIZED = YES;
				CLANG_ANALYZER_NONNULL = YES;
				CLANG_ANALYZER_NUMBER_OBJECT_CONVERSION = YES_AGGRESSIVE;
				CLANG_CXX_LANGUAGE_STANDARD = "gnu++20";
				CLANG_ENABLE_MODULES = YES;
				CLANG_ENABLE_OBJC_ARC = YES;
				CLANG_ENABLE_OBJC_WEAK = YES;
				CLANG_WARN_BLOCK_CAPTURE_AUTORELEASING = YES;
				CLANG_WARN_BOOL_CONVERSION = YES;
				CLANG_WARN_COMMA = YES;
				CLANG_WARN_CONSTANT_CONVERSION = YES;
				CLANG_WARN_DEPRECATED_OBJC_IMPLEMENTATIONS = YES;
				CLANG_WARN_DIRECT_OBJC_ISA_USAGE = YES_ERROR;
				CLANG_WARN_DOCUMENTATION_COMMENTS = YES;
				CLANG_WARN_EMPTY_BODY = YES;
				CLANG_WARN_ENUM_CONVERSION = YES;
				CLANG_WARN_INFINITE_RECURSION = YES;
				CLANG_WARN_INT_CONVERSION = YES;
				CLANG_WARN_NON_LITERAL_NULL_CONVERSION = YES;
				CLANG_WARN_OBJC_IMPLICIT_RETAIN_SELF = YES;
				CLANG_WARN_OBJC_LITERAL_CONVERSION = YES;
				CLANG_WARN_OBJC_ROOT_CLASS = YES_ERROR;
				CLANG_WARN_QUOTED_INCLUDE_IN_FRAMEWORK_HEADER = YES;
				CLANG_WARN_RANGE_LOOP_ANALYSIS = YES;
				CLANG_WARN_STRICT_PROTOTYPES = YES;
				CLANG_WARN_SUSPICIOUS_MOVE = YES;
				CLANG_WARN_UNGUARDED_AVAILABILITY = YES_AGGRESSIVE;
				CLANG_WARN_UNREACHABLE_CODE = YES;
				CLANG_WARN__DUPLICATE_METHOD_MATCH = YES;
				COPY_PHASE_STRIP = NO;
				DEBUG_INFORMATION_FORMAT = "dwarf-with-dsym";
				ENABLE_NS_ASSERTIONS = NO;
				ENABLE_STRICT_OBJC_MSGSEND = YES;
				GCC_C_LANGUAGE_STANDARD = gnu11;
				GCC_NO_COMMON_BLOCKS = YES;
				GCC_WARN_64_TO_32_BIT_CONVERSION = YES;
				GCC_WARN_ABOUT_RETURN_TYPE = YES_ERROR;
				GCC_WARN_UNDECLARED_SELECTOR = YES;
				GCC_WARN_UNINITIALIZED_AUTOS = YES_AGGRESSIVE;
				GCC_WARN_UNUSED_FUNCTION = YES;
				GCC_WARN_UNUSED_VARIABLE = YES;
				IPHONEOS_DEPLOYMENT_TARGET = 16.4;
				MTL_ENABLE_DEBUG_INFO = NO;
				MTL_FAST_MATH = YES;
				SDKROOT = iphoneos;
				SWIFT_COMPILATION_MODE = wholemodule;
				SWIFT_OPTIMIZATION_LEVEL = "-O";
				VALIDATE_PRODUCT = YES;
			};
			name = Release;
		};
		26EA66552AC2AB4700F6FE6A /* Debug */ = {
			isa = XCBuildConfiguration;
			buildSettings = {
				ASSETCATALOG_COMPILER_APPICON_NAME = AppIcon;
				ASSETCATALOG_COMPILER_GLOBAL_ACCENT_COLOR_NAME = AccentColor;
				CODE_SIGN_ENTITLEMENTS = Traditional_Market/Traditional_Market.entitlements;
				CODE_SIGN_STYLE = Automatic;
				CURRENT_PROJECT_VERSION = 1;
				DEBUG_INFORMATION_FORMAT = "dwarf-with-dsym";
				DEVELOPMENT_TEAM = D3U7XS5ZX2;
				GENERATE_INFOPLIST_FILE = YES;
				INFOPLIST_FILE = Traditional_Market/Info.plist;
				INFOPLIST_KEY_CFBundleDisplayName = "저잣거리";
				INFOPLIST_KEY_NSCameraUsageDescription = "카메라를 사용하여 해당 시장의 정보를 저장하려고 합니다. 카메라를 사용하려면 '카메라' 접근 권한을 허용해야 합니다.";
				INFOPLIST_KEY_NSLocationWhenInUseUsageDescription = "사용자 위치 기반으로 주변 전통시장을 불러오려고 합니다. 서비스를 제공하기 위한 필수 권한입니다.";
				INFOPLIST_KEY_UIApplicationSupportsIndirectInputEvents = YES;
				INFOPLIST_KEY_UILaunchStoryboardName = LaunchScreen;
				INFOPLIST_KEY_UISupportedInterfaceOrientations = UIInterfaceOrientationPortrait;
				INFOPLIST_KEY_UIUserInterfaceStyle = Light;
				IPHONEOS_DEPLOYMENT_TARGET = 16.0;
				LD_RUNPATH_SEARCH_PATHS = (
					"$(inherited)",
					"@executable_path/Frameworks",
				);
				MARKETING_VERSION = 1.1.4;
				PRODUCT_BUNDLE_IDENTIFIER = "com.present.Traditional-Market";
				PRODUCT_NAME = "$(TARGET_NAME)";
				SUPPORTED_PLATFORMS = "iphoneos iphonesimulator";
				SUPPORTS_MACCATALYST = NO;
				SUPPORTS_MAC_DESIGNED_FOR_IPHONE_IPAD = NO;
				SWIFT_EMIT_LOC_STRINGS = YES;
				SWIFT_VERSION = 5.0;
				TARGETED_DEVICE_FAMILY = 1;
			};
			name = Debug;
		};
		26EA66562AC2AB4700F6FE6A /* Release */ = {
			isa = XCBuildConfiguration;
			buildSettings = {
				ASSETCATALOG_COMPILER_APPICON_NAME = AppIcon;
				ASSETCATALOG_COMPILER_GLOBAL_ACCENT_COLOR_NAME = AccentColor;
				CODE_SIGN_ENTITLEMENTS = Traditional_Market/Traditional_Market.entitlements;
				CODE_SIGN_STYLE = Automatic;
				CURRENT_PROJECT_VERSION = 1;
				DEVELOPMENT_TEAM = D3U7XS5ZX2;
				GENERATE_INFOPLIST_FILE = YES;
				INFOPLIST_FILE = Traditional_Market/Info.plist;
				INFOPLIST_KEY_CFBundleDisplayName = "저잣거리";
				INFOPLIST_KEY_NSCameraUsageDescription = "카메라를 사용하여 해당 시장의 정보를 저장하려고 합니다. 카메라를 사용하려면 '카메라' 접근 권한을 허용해야 합니다.";
				INFOPLIST_KEY_NSLocationWhenInUseUsageDescription = "사용자 위치 기반으로 주변 전통시장을 불러오려고 합니다. 서비스를 제공하기 위한 필수 권한입니다.";
				INFOPLIST_KEY_UIApplicationSupportsIndirectInputEvents = YES;
				INFOPLIST_KEY_UILaunchStoryboardName = LaunchScreen;
				INFOPLIST_KEY_UISupportedInterfaceOrientations = UIInterfaceOrientationPortrait;
				INFOPLIST_KEY_UIUserInterfaceStyle = Light;
				IPHONEOS_DEPLOYMENT_TARGET = 16.0;
				LD_RUNPATH_SEARCH_PATHS = (
					"$(inherited)",
					"@executable_path/Frameworks",
				);
				MARKETING_VERSION = 1.1.4;
				PRODUCT_BUNDLE_IDENTIFIER = "com.present.Traditional-Market";
				PRODUCT_NAME = "$(TARGET_NAME)";
				SUPPORTED_PLATFORMS = "iphoneos iphonesimulator";
				SUPPORTS_MACCATALYST = NO;
				SUPPORTS_MAC_DESIGNED_FOR_IPHONE_IPAD = NO;
				SWIFT_EMIT_LOC_STRINGS = YES;
				SWIFT_VERSION = 5.0;
				TARGETED_DEVICE_FAMILY = 1;
			};
			name = Release;
		};
/* End XCBuildConfiguration section */

/* Begin XCConfigurationList section */
		26EA663B2AC2AB4400F6FE6A /* Build configuration list for PBXProject "Traditional_Market" */ = {
			isa = XCConfigurationList;
			buildConfigurations = (
				26EA66522AC2AB4700F6FE6A /* Debug */,
				26EA66532AC2AB4700F6FE6A /* Release */,
			);
			defaultConfigurationIsVisible = 0;
			defaultConfigurationName = Release;
		};
		26EA66542AC2AB4700F6FE6A /* Build configuration list for PBXNativeTarget "Traditional_Market" */ = {
			isa = XCConfigurationList;
			buildConfigurations = (
				26EA66552AC2AB4700F6FE6A /* Debug */,
				26EA66562AC2AB4700F6FE6A /* Release */,
			);
			defaultConfigurationIsVisible = 0;
			defaultConfigurationName = Release;
		};
/* End XCConfigurationList section */

/* Begin XCRemoteSwiftPackageReference section */
		26A9C4F82AC2E77D004F955A /* XCRemoteSwiftPackageReference "Toast-Swift" */ = {
			isa = XCRemoteSwiftPackageReference;
			repositoryURL = "https://github.com/scalessec/Toast-Swift.git";
			requirement = {
				kind = upToNextMajorVersion;
				minimumVersion = 5.0.0;
			};
		};
		26AAD8AA2AC4554C002E5DD4 /* XCRemoteSwiftPackageReference "realm-swift" */ = {
			isa = XCRemoteSwiftPackageReference;
			repositoryURL = "https://github.com/realm/realm-swift.git";
			requirement = {
				branch = master;
				kind = branch;
			};
		};
		26AAD8AF2AC4560D002E5DD4 /* XCRemoteSwiftPackageReference "Alamofire" */ = {
			isa = XCRemoteSwiftPackageReference;
			repositoryURL = "https://github.com/Alamofire/Alamofire";
			requirement = {
				kind = upToNextMajorVersion;
				minimumVersion = 5.0.0;
			};
		};
		26CC8E792AC87DDC009ABB14 /* XCRemoteSwiftPackageReference "Kingfisher" */ = {
			isa = XCRemoteSwiftPackageReference;
			repositoryURL = "https://github.com/onevcat/Kingfisher.git";
			requirement = {
				kind = upToNextMajorVersion;
				minimumVersion = 7.0.0;
			};
		};
		26E9F36A2AD443CA0007B7CD /* XCRemoteSwiftPackageReference "firebase-ios-sdk" */ = {
			isa = XCRemoteSwiftPackageReference;
			repositoryURL = "https://github.com/firebase/firebase-ios-sdk";
			requirement = {
				kind = upToNextMajorVersion;
				minimumVersion = 10.0.0;
			};
		};
		26EA66592AC2AE0F00F6FE6A /* XCRemoteSwiftPackageReference "SnapKit" */ = {
			isa = XCRemoteSwiftPackageReference;
			repositoryURL = "https://github.com/SnapKit/SnapKit.git";
			requirement = {
				kind = upToNextMajorVersion;
				minimumVersion = 5.0.0;
			};
		};
		26F9159A2AFB65F2003B5123 /* XCRemoteSwiftPackageReference "SkeletonView" */ = {
			isa = XCRemoteSwiftPackageReference;
			repositoryURL = "https://github.com/Juanpe/SkeletonView.git";
			requirement = {
				kind = upToNextMajorVersion;
				minimumVersion = 1.0.0;
			};
		};
/* End XCRemoteSwiftPackageReference section */

/* Begin XCSwiftPackageProductDependency section */
		26A9C4F92AC2E77D004F955A /* Toast */ = {
			isa = XCSwiftPackageProductDependency;
			package = 26A9C4F82AC2E77D004F955A /* XCRemoteSwiftPackageReference "Toast-Swift" */;
			productName = Toast;
		};
		26AAD8AB2AC4554C002E5DD4 /* RealmSwift */ = {
			isa = XCSwiftPackageProductDependency;
			package = 26AAD8AA2AC4554C002E5DD4 /* XCRemoteSwiftPackageReference "realm-swift" */;
			productName = RealmSwift;
		};
		26AAD8B02AC4560D002E5DD4 /* Alamofire */ = {
			isa = XCSwiftPackageProductDependency;
			package = 26AAD8AF2AC4560D002E5DD4 /* XCRemoteSwiftPackageReference "Alamofire" */;
			productName = Alamofire;
		};
		26CC8E7A2AC87DDC009ABB14 /* Kingfisher */ = {
			isa = XCSwiftPackageProductDependency;
			package = 26CC8E792AC87DDC009ABB14 /* XCRemoteSwiftPackageReference "Kingfisher" */;
			productName = Kingfisher;
		};
		26E9F36B2AD443CA0007B7CD /* FirebaseAnalyticsWithoutAdIdSupport */ = {
			isa = XCSwiftPackageProductDependency;
			package = 26E9F36A2AD443CA0007B7CD /* XCRemoteSwiftPackageReference "firebase-ios-sdk" */;
			productName = FirebaseAnalyticsWithoutAdIdSupport;
		};
		26E9F36D2AD443CA0007B7CD /* FirebaseCrashlytics */ = {
			isa = XCSwiftPackageProductDependency;
			package = 26E9F36A2AD443CA0007B7CD /* XCRemoteSwiftPackageReference "firebase-ios-sdk" */;
			productName = FirebaseCrashlytics;
		};
		26EA665A2AC2AE0F00F6FE6A /* SnapKit */ = {
			isa = XCSwiftPackageProductDependency;
			package = 26EA66592AC2AE0F00F6FE6A /* XCRemoteSwiftPackageReference "SnapKit" */;
			productName = SnapKit;
		};
		26F9159B2AFB65F2003B5123 /* SkeletonView */ = {
			isa = XCSwiftPackageProductDependency;
			package = 26F9159A2AFB65F2003B5123 /* XCRemoteSwiftPackageReference "SkeletonView" */;
			productName = SkeletonView;
		};
/* End XCSwiftPackageProductDependency section */
	};
	rootObject = 26EA66382AC2AB4400F6FE6A /* Project object */;
}
