// !$*UTF8*$!
{
	archiveVersion = 1;
	classes = {
	};
	objectVersion = 56;
	objects = {

/* Begin PBXBuildFile section */
		26015E352ACC0C7900D25C94 /* TabBarController.swift in Sources */ = {isa = PBXBuildFile; fileRef = 26015E342ACC0C7900D25C94 /* TabBarController.swift */; };
		26015E382ACC0CC300D25C94 /* ProfileViewController.swift in Sources */ = {isa = PBXBuildFile; fileRef = 26015E372ACC0CC300D25C94 /* ProfileViewController.swift */; };
		26077E412ACF059F005055DF /* ImageCacheManager.swift in Sources */ = {isa = PBXBuildFile; fileRef = 26077E402ACF059F005055DF /* ImageCacheManager.swift */; };
		26229B9D2AC57528002FBE59 /* RealmManager.swift in Sources */ = {isa = PBXBuildFile; fileRef = 26229B9C2AC57528002FBE59 /* RealmManager.swift */; };
		26229B9F2AC575AD002FBE59 /* TraditionalMarketRealm.swift in Sources */ = {isa = PBXBuildFile; fileRef = 26229B9E2AC575AD002FBE59 /* TraditionalMarketRealm.swift */; };
		26229BA82AC5AD84002FBE59 /* BaseViewController.swift in Sources */ = {isa = PBXBuildFile; fileRef = 26229BA72AC5AD84002FBE59 /* BaseViewController.swift */; };
		2633E7002AC6A2A4002581EB /* CityCell.swift in Sources */ = {isa = PBXBuildFile; fileRef = 2633E6FF2AC6A2A4002581EB /* CityCell.swift */; };
		2633E7042AC6AC90002581EB /* City.swift in Sources */ = {isa = PBXBuildFile; fileRef = 2633E7032AC6AC90002581EB /* City.swift */; };
		2633E7072AC6C4D5002581EB /* CityIndex.swift in Sources */ = {isa = PBXBuildFile; fileRef = 2633E7062AC6C4D5002581EB /* CityIndex.swift */; };
		2633E7092AC6E7ED002581EB /* DetailViewController.swift in Sources */ = {isa = PBXBuildFile; fileRef = 2633E7082AC6E7ED002581EB /* DetailViewController.swift */; };
		2633E70B2AC70955002581EB /* DetailMarketInfoCell.swift in Sources */ = {isa = PBXBuildFile; fileRef = 2633E70A2AC70955002581EB /* DetailMarketInfoCell.swift */; };
		2633E7112AC71DC8002581EB /* DetailHeaderCell.swift in Sources */ = {isa = PBXBuildFile; fileRef = 2633E7102AC71DC8002581EB /* DetailHeaderCell.swift */; };
		26A5BB622AD7E6C300D03FC7 /* TopView.swift in Sources */ = {isa = PBXBuildFile; fileRef = 26A5BB612AD7E6C300D03FC7 /* TopView.swift */; };
		26A5BB642AD8042600D03FC7 /* LevelInfoViewController.swift in Sources */ = {isa = PBXBuildFile; fileRef = 26A5BB632AD8042600D03FC7 /* LevelInfoViewController.swift */; };
		26A5BB662AD8088800D03FC7 /* SaveMarketViewController.swift in Sources */ = {isa = PBXBuildFile; fileRef = 26A5BB652AD8088800D03FC7 /* SaveMarketViewController.swift */; };
		26A9C4F72AC2E607004F955A /* CustomAnnotation.swift in Sources */ = {isa = PBXBuildFile; fileRef = 26A9C4F62AC2E607004F955A /* CustomAnnotation.swift */; };
		26A9C4FA2AC2E77D004F955A /* Toast in Frameworks */ = {isa = PBXBuildFile; productRef = 26A9C4F92AC2E77D004F955A /* Toast */; };
		26A9C4FC2AC324EE004F955A /* Ext+UIViewController.swift in Sources */ = {isa = PBXBuildFile; fileRef = 26A9C4FB2AC324EE004F955A /* Ext+UIViewController.swift */; };
		26AAD8A42AC44B07002E5DD4 /* CustomAnnotationView.swift in Sources */ = {isa = PBXBuildFile; fileRef = 26AAD8A32AC44B07002E5DD4 /* CustomAnnotationView.swift */; };
		26AAD8A92AC44FCD002E5DD4 /* TraditionalMarket.swift in Sources */ = {isa = PBXBuildFile; fileRef = 26AAD8A82AC44FCD002E5DD4 /* TraditionalMarket.swift */; };
		26AAD8AC2AC4554C002E5DD4 /* RealmSwift in Frameworks */ = {isa = PBXBuildFile; productRef = 26AAD8AB2AC4554C002E5DD4 /* RealmSwift */; };
		26AAD8AE2AC4559B002E5DD4 /* NetworkManager.swift in Sources */ = {isa = PBXBuildFile; fileRef = 26AAD8AD2AC4559B002E5DD4 /* NetworkManager.swift */; };
		26AAD8B12AC4560D002E5DD4 /* Alamofire in Frameworks */ = {isa = PBXBuildFile; productRef = 26AAD8B02AC4560D002E5DD4 /* Alamofire */; };
		26AAD8B32AC45B69002E5DD4 /* Router.swift in Sources */ = {isa = PBXBuildFile; fileRef = 26AAD8B22AC45B69002E5DD4 /* Router.swift */; };
		26AAD8B62AC46203002E5DD4 /* TraditionalMarketViewModel.swift in Sources */ = {isa = PBXBuildFile; fileRef = 26AAD8B52AC46203002E5DD4 /* TraditionalMarketViewModel.swift */; };
		26AAD8B82AC46218002E5DD4 /* Observable.swift in Sources */ = {isa = PBXBuildFile; fileRef = 26AAD8B72AC46218002E5DD4 /* Observable.swift */; };
		26AAD8BA2AC46EDE002E5DD4 /* IntegrationAPI.swift in Sources */ = {isa = PBXBuildFile; fileRef = 26AAD8B92AC46EDE002E5DD4 /* IntegrationAPI.swift */; };
		26AAD8C12AC48574002E5DD4 /* MarketAPIManager.swift in Sources */ = {isa = PBXBuildFile; fileRef = 26AAD8C02AC48574002E5DD4 /* MarketAPIManager.swift */; };
		26C92EC42AD2F622002A53D2 /* SearchCell.swift in Sources */ = {isa = PBXBuildFile; fileRef = 26C92EC32AD2F622002A53D2 /* SearchCell.swift */; };
		26CC8E702AC843E9009ABB14 /* Ext+UIColor.swift in Sources */ = {isa = PBXBuildFile; fileRef = 26CC8E6F2AC843E9009ABB14 /* Ext+UIColor.swift */; };
		26CC8E752AC87180009ABB14 /* NaverMarketImage.swift in Sources */ = {isa = PBXBuildFile; fileRef = 26CC8E742AC87180009ABB14 /* NaverMarketImage.swift */; };
		26CC8E7B2AC87DDC009ABB14 /* Kingfisher in Frameworks */ = {isa = PBXBuildFile; productRef = 26CC8E7A2AC87DDC009ABB14 /* Kingfisher */; };
		26E31C532ACD3E0D00392068 /* ReusableIdentifier.swift in Sources */ = {isa = PBXBuildFile; fileRef = 26E31C522ACD3E0D00392068 /* ReusableIdentifier.swift */; };
		26E31C562ACD3F5E00392068 /* StampCell.swift in Sources */ = {isa = PBXBuildFile; fileRef = 26E31C552ACD3F5E00392068 /* StampCell.swift */; };
		26E31C582ACD3FB400392068 /* BaseCollectionViewCell.swift in Sources */ = {isa = PBXBuildFile; fileRef = 26E31C572ACD3FB400392068 /* BaseCollectionViewCell.swift */; };
		26E31C5A2ACD40EA00392068 /* BaseHeaderReusableCollectionView.swift in Sources */ = {isa = PBXBuildFile; fileRef = 26E31C592ACD40EA00392068 /* BaseHeaderReusableCollectionView.swift */; };
		26E31C5C2ACD418C00392068 /* ListCell.swift in Sources */ = {isa = PBXBuildFile; fileRef = 26E31C5B2ACD418C00392068 /* ListCell.swift */; };
		26E31C602ACDC4C200392068 /* ExampleCell.swift in Sources */ = {isa = PBXBuildFile; fileRef = 26E31C5F2ACDC4C200392068 /* ExampleCell.swift */; };
		26E768282AD053AC0052EC4C /* SearchResultsViewController.swift in Sources */ = {isa = PBXBuildFile; fileRef = 26E768272AD053AC0052EC4C /* SearchResultsViewController.swift */; };
		26E7682A2AD07A820052EC4C /* Scale.swift in Sources */ = {isa = PBXBuildFile; fileRef = 26E768292AD07A820052EC4C /* Scale.swift */; };
		26E9F3692AD443340007B7CD /* GoogleService-Info.plist in Resources */ = {isa = PBXBuildFile; fileRef = 26E9F3682AD443340007B7CD /* GoogleService-Info.plist */; };
		26E9F36C2AD443CA0007B7CD /* FirebaseAnalyticsWithoutAdIdSupport in Frameworks */ = {isa = PBXBuildFile; productRef = 26E9F36B2AD443CA0007B7CD /* FirebaseAnalyticsWithoutAdIdSupport */; };
		26E9F36E2AD443CA0007B7CD /* FirebaseCrashlytics in Frameworks */ = {isa = PBXBuildFile; productRef = 26E9F36D2AD443CA0007B7CD /* FirebaseCrashlytics */; };
		26E9F3712AD518D30007B7CD /* FullImageViewController.swift in Sources */ = {isa = PBXBuildFile; fileRef = 26E9F3702AD518D20007B7CD /* FullImageViewController.swift */; };
		26E9F3732AD5A9190007B7CD /* ClusterAnnotationView.swift in Sources */ = {isa = PBXBuildFile; fileRef = 26E9F3722AD5A9190007B7CD /* ClusterAnnotationView.swift */; };
		26EA66442AC2AB4400F6FE6A /* AppDelegate.swift in Sources */ = {isa = PBXBuildFile; fileRef = 26EA66432AC2AB4400F6FE6A /* AppDelegate.swift */; };
		26EA66462AC2AB4400F6FE6A /* SceneDelegate.swift in Sources */ = {isa = PBXBuildFile; fileRef = 26EA66452AC2AB4400F6FE6A /* SceneDelegate.swift */; };
		26EA66482AC2AB4400F6FE6A /* MapViewController.swift in Sources */ = {isa = PBXBuildFile; fileRef = 26EA66472AC2AB4400F6FE6A /* MapViewController.swift */; };
		26EA664D2AC2AB4700F6FE6A /* Assets.xcassets in Resources */ = {isa = PBXBuildFile; fileRef = 26EA664C2AC2AB4700F6FE6A /* Assets.xcassets */; };
		26EA66502AC2AB4700F6FE6A /* LaunchScreen.storyboard in Resources */ = {isa = PBXBuildFile; fileRef = 26EA664E2AC2AB4700F6FE6A /* LaunchScreen.storyboard */; };
		26EA66582AC2ADED00F6FE6A /* MapView.swift in Sources */ = {isa = PBXBuildFile; fileRef = 26EA66572AC2ADED00F6FE6A /* MapView.swift */; };
		26EA665B2AC2AE0F00F6FE6A /* SnapKit in Frameworks */ = {isa = PBXBuildFile; productRef = 26EA665A2AC2AE0F00F6FE6A /* SnapKit */; };
		26EA665E2AC2AEB900F6FE6A /* Ext+MapButton.swift in Sources */ = {isa = PBXBuildFile; fileRef = 26EA665D2AC2AEB900F6FE6A /* Ext+MapButton.swift */; };
		26EA75D22ACAC28D00FFDFDB /* StampViewController.swift in Sources */ = {isa = PBXBuildFile; fileRef = 26EA75D12ACAC28D00FFDFDB /* StampViewController.swift */; };
		26EA75D52ACAD7DF00FFDFDB /* StampView.swift in Sources */ = {isa = PBXBuildFile; fileRef = 26EA75D42ACAD7DF00FFDFDB /* StampView.swift */; };
		26EA75D72ACADABA00FFDFDB /* BaseView.swift in Sources */ = {isa = PBXBuildFile; fileRef = 26EA75D62ACADABA00FFDFDB /* BaseView.swift */; };
		26EA75D92ACB014F00FFDFDB /* Ext+UIButton.swift in Sources */ = {isa = PBXBuildFile; fileRef = 26EA75D82ACB014F00FFDFDB /* Ext+UIButton.swift */; };
		26EA75DB2ACB07A800FFDFDB /* Ext+UITextView.swift in Sources */ = {isa = PBXBuildFile; fileRef = 26EA75DA2ACB07A800FFDFDB /* Ext+UITextView.swift */; };
		26EA75E02ACB1DCA00FFDFDB /* FavoriteTable.swift in Sources */ = {isa = PBXBuildFile; fileRef = 26EA75DF2ACB1DCA00FFDFDB /* FavoriteTable.swift */; };
/* End PBXBuildFile section */

/* Begin PBXFileReference section */
		26015E342ACC0C7900D25C94 /* TabBarController.swift */ = {isa = PBXFileReference; lastKnownFileType = sourcecode.swift; path = TabBarController.swift; sourceTree = "<group>"; };
		26015E372ACC0CC300D25C94 /* ProfileViewController.swift */ = {isa = PBXFileReference; lastKnownFileType = sourcecode.swift; path = ProfileViewController.swift; sourceTree = "<group>"; };
		26077E402ACF059F005055DF /* ImageCacheManager.swift */ = {isa = PBXFileReference; lastKnownFileType = sourcecode.swift; path = ImageCacheManager.swift; sourceTree = "<group>"; };
		26229B9C2AC57528002FBE59 /* RealmManager.swift */ = {isa = PBXFileReference; lastKnownFileType = sourcecode.swift; path = RealmManager.swift; sourceTree = "<group>"; };
		26229B9E2AC575AD002FBE59 /* TraditionalMarketRealm.swift */ = {isa = PBXFileReference; lastKnownFileType = sourcecode.swift; path = TraditionalMarketRealm.swift; sourceTree = "<group>"; };
		26229BA72AC5AD84002FBE59 /* BaseViewController.swift */ = {isa = PBXFileReference; lastKnownFileType = sourcecode.swift; path = BaseViewController.swift; sourceTree = "<group>"; };
		2633E6FF2AC6A2A4002581EB /* CityCell.swift */ = {isa = PBXFileReference; lastKnownFileType = sourcecode.swift; path = CityCell.swift; sourceTree = "<group>"; };
		2633E7032AC6AC90002581EB /* City.swift */ = {isa = PBXFileReference; lastKnownFileType = sourcecode.swift; path = City.swift; sourceTree = "<group>"; };
		2633E7062AC6C4D5002581EB /* CityIndex.swift */ = {isa = PBXFileReference; lastKnownFileType = sourcecode.swift; path = CityIndex.swift; sourceTree = "<group>"; };
		2633E7082AC6E7ED002581EB /* DetailViewController.swift */ = {isa = PBXFileReference; lastKnownFileType = sourcecode.swift; path = DetailViewController.swift; sourceTree = "<group>"; };
		2633E70A2AC70955002581EB /* DetailMarketInfoCell.swift */ = {isa = PBXFileReference; lastKnownFileType = sourcecode.swift; path = DetailMarketInfoCell.swift; sourceTree = "<group>"; };
		2633E7102AC71DC8002581EB /* DetailHeaderCell.swift */ = {isa = PBXFileReference; lastKnownFileType = sourcecode.swift; path = DetailHeaderCell.swift; sourceTree = "<group>"; };
		26A5BB612AD7E6C300D03FC7 /* TopView.swift */ = {isa = PBXFileReference; lastKnownFileType = sourcecode.swift; path = TopView.swift; sourceTree = "<group>"; };
		26A5BB632AD8042600D03FC7 /* LevelInfoViewController.swift */ = {isa = PBXFileReference; lastKnownFileType = sourcecode.swift; path = LevelInfoViewController.swift; sourceTree = "<group>"; };
		26A5BB652AD8088800D03FC7 /* SaveMarketViewController.swift */ = {isa = PBXFileReference; lastKnownFileType = sourcecode.swift; path = SaveMarketViewController.swift; sourceTree = "<group>"; };
		26A9C4F62AC2E607004F955A /* CustomAnnotation.swift */ = {isa = PBXFileReference; lastKnownFileType = sourcecode.swift; path = CustomAnnotation.swift; sourceTree = "<group>"; };
		26A9C4FB2AC324EE004F955A /* Ext+UIViewController.swift */ = {isa = PBXFileReference; lastKnownFileType = sourcecode.swift; path = "Ext+UIViewController.swift"; sourceTree = "<group>"; };
		26A9C4FD2AC326D5004F955A /* ExampleLocation.gpx */ = {isa = PBXFileReference; lastKnownFileType = text.xml; path = ExampleLocation.gpx; sourceTree = "<group>"; };
		26AAD8A32AC44B07002E5DD4 /* CustomAnnotationView.swift */ = {isa = PBXFileReference; lastKnownFileType = sourcecode.swift; path = CustomAnnotationView.swift; sourceTree = "<group>"; };
		26AAD8A82AC44FCD002E5DD4 /* TraditionalMarket.swift */ = {isa = PBXFileReference; lastKnownFileType = sourcecode.swift; path = TraditionalMarket.swift; sourceTree = "<group>"; };
		26AAD8AD2AC4559B002E5DD4 /* NetworkManager.swift */ = {isa = PBXFileReference; lastKnownFileType = sourcecode.swift; path = NetworkManager.swift; sourceTree = "<group>"; };
		26AAD8B22AC45B69002E5DD4 /* Router.swift */ = {isa = PBXFileReference; lastKnownFileType = sourcecode.swift; path = Router.swift; sourceTree = "<group>"; };
		26AAD8B52AC46203002E5DD4 /* TraditionalMarketViewModel.swift */ = {isa = PBXFileReference; lastKnownFileType = sourcecode.swift; path = TraditionalMarketViewModel.swift; sourceTree = "<group>"; };
		26AAD8B72AC46218002E5DD4 /* Observable.swift */ = {isa = PBXFileReference; lastKnownFileType = sourcecode.swift; path = Observable.swift; sourceTree = "<group>"; };
		26AAD8B92AC46EDE002E5DD4 /* IntegrationAPI.swift */ = {isa = PBXFileReference; lastKnownFileType = sourcecode.swift; path = IntegrationAPI.swift; sourceTree = "<group>"; };
		26AAD8C02AC48574002E5DD4 /* MarketAPIManager.swift */ = {isa = PBXFileReference; lastKnownFileType = sourcecode.swift; path = MarketAPIManager.swift; sourceTree = "<group>"; };
		26C92EC32AD2F622002A53D2 /* SearchCell.swift */ = {isa = PBXFileReference; lastKnownFileType = sourcecode.swift; path = SearchCell.swift; sourceTree = "<group>"; };
		26CC8E6F2AC843E9009ABB14 /* Ext+UIColor.swift */ = {isa = PBXFileReference; lastKnownFileType = sourcecode.swift; path = "Ext+UIColor.swift"; sourceTree = "<group>"; };
		26CC8E742AC87180009ABB14 /* NaverMarketImage.swift */ = {isa = PBXFileReference; lastKnownFileType = sourcecode.swift; path = NaverMarketImage.swift; sourceTree = "<group>"; };
		26E31C522ACD3E0D00392068 /* ReusableIdentifier.swift */ = {isa = PBXFileReference; lastKnownFileType = sourcecode.swift; path = ReusableIdentifier.swift; sourceTree = "<group>"; };
		26E31C552ACD3F5E00392068 /* StampCell.swift */ = {isa = PBXFileReference; lastKnownFileType = sourcecode.swift; path = StampCell.swift; sourceTree = "<group>"; };
		26E31C572ACD3FB400392068 /* BaseCollectionViewCell.swift */ = {isa = PBXFileReference; lastKnownFileType = sourcecode.swift; path = BaseCollectionViewCell.swift; sourceTree = "<group>"; };
		26E31C592ACD40EA00392068 /* BaseHeaderReusableCollectionView.swift */ = {isa = PBXFileReference; lastKnownFileType = sourcecode.swift; path = BaseHeaderReusableCollectionView.swift; sourceTree = "<group>"; };
		26E31C5B2ACD418C00392068 /* ListCell.swift */ = {isa = PBXFileReference; lastKnownFileType = sourcecode.swift; path = ListCell.swift; sourceTree = "<group>"; };
		26E31C5F2ACDC4C200392068 /* ExampleCell.swift */ = {isa = PBXFileReference; lastKnownFileType = sourcecode.swift; path = ExampleCell.swift; sourceTree = "<group>"; };
		26E768272AD053AC0052EC4C /* SearchResultsViewController.swift */ = {isa = PBXFileReference; lastKnownFileType = sourcecode.swift; path = SearchResultsViewController.swift; sourceTree = "<group>"; };
		26E768292AD07A820052EC4C /* Scale.swift */ = {isa = PBXFileReference; lastKnownFileType = sourcecode.swift; path = Scale.swift; sourceTree = "<group>"; };
		26E9F3682AD443340007B7CD /* GoogleService-Info.plist */ = {isa = PBXFileReference; fileEncoding = 4; lastKnownFileType = text.plist.xml; path = "GoogleService-Info.plist"; sourceTree = "<group>"; };
		26E9F3702AD518D20007B7CD /* FullImageViewController.swift */ = {isa = PBXFileReference; lastKnownFileType = sourcecode.swift; path = FullImageViewController.swift; sourceTree = "<group>"; };
		26E9F3722AD5A9190007B7CD /* ClusterAnnotationView.swift */ = {isa = PBXFileReference; lastKnownFileType = sourcecode.swift; path = ClusterAnnotationView.swift; sourceTree = "<group>"; };
		26EA66402AC2AB4400F6FE6A /* Traditional_Market.app */ = {isa = PBXFileReference; explicitFileType = wrapper.application; includeInIndex = 0; path = Traditional_Market.app; sourceTree = BUILT_PRODUCTS_DIR; };
		26EA66432AC2AB4400F6FE6A /* AppDelegate.swift */ = {isa = PBXFileReference; lastKnownFileType = sourcecode.swift; path = AppDelegate.swift; sourceTree = "<group>"; };
		26EA66452AC2AB4400F6FE6A /* SceneDelegate.swift */ = {isa = PBXFileReference; lastKnownFileType = sourcecode.swift; path = SceneDelegate.swift; sourceTree = "<group>"; };
		26EA66472AC2AB4400F6FE6A /* MapViewController.swift */ = {isa = PBXFileReference; lastKnownFileType = sourcecode.swift; path = MapViewController.swift; sourceTree = "<group>"; };
		26EA664C2AC2AB4700F6FE6A /* Assets.xcassets */ = {isa = PBXFileReference; lastKnownFileType = folder.assetcatalog; path = Assets.xcassets; sourceTree = "<group>"; };
		26EA664F2AC2AB4700F6FE6A /* Base */ = {isa = PBXFileReference; lastKnownFileType = file.storyboard; name = Base; path = Base.lproj/LaunchScreen.storyboard; sourceTree = "<group>"; };
		26EA66512AC2AB4700F6FE6A /* Info.plist */ = {isa = PBXFileReference; lastKnownFileType = text.plist.xml; path = Info.plist; sourceTree = "<group>"; };
		26EA66572AC2ADED00F6FE6A /* MapView.swift */ = {isa = PBXFileReference; lastKnownFileType = sourcecode.swift; path = MapView.swift; sourceTree = "<group>"; };
		26EA665D2AC2AEB900F6FE6A /* Ext+MapButton.swift */ = {isa = PBXFileReference; lastKnownFileType = sourcecode.swift; path = "Ext+MapButton.swift"; sourceTree = "<group>"; };
		26EA75D12ACAC28D00FFDFDB /* StampViewController.swift */ = {isa = PBXFileReference; lastKnownFileType = sourcecode.swift; path = StampViewController.swift; sourceTree = "<group>"; };
		26EA75D42ACAD7DF00FFDFDB /* StampView.swift */ = {isa = PBXFileReference; lastKnownFileType = sourcecode.swift; path = StampView.swift; sourceTree = "<group>"; };
		26EA75D62ACADABA00FFDFDB /* BaseView.swift */ = {isa = PBXFileReference; lastKnownFileType = sourcecode.swift; path = BaseView.swift; sourceTree = "<group>"; };
		26EA75D82ACB014F00FFDFDB /* Ext+UIButton.swift */ = {isa = PBXFileReference; lastKnownFileType = sourcecode.swift; path = "Ext+UIButton.swift"; sourceTree = "<group>"; };
		26EA75DA2ACB07A800FFDFDB /* Ext+UITextView.swift */ = {isa = PBXFileReference; lastKnownFileType = sourcecode.swift; path = "Ext+UITextView.swift"; sourceTree = "<group>"; };
		26EA75DF2ACB1DCA00FFDFDB /* FavoriteTable.swift */ = {isa = PBXFileReference; lastKnownFileType = sourcecode.swift; path = FavoriteTable.swift; sourceTree = "<group>"; };
/* End PBXFileReference section */

/* Begin PBXFrameworksBuildPhase section */
		26EA663D2AC2AB4400F6FE6A /* Frameworks */ = {
			isa = PBXFrameworksBuildPhase;
			buildActionMask = 2147483647;
			files = (
				26AAD8AC2AC4554C002E5DD4 /* RealmSwift in Frameworks */,
				26E9F36C2AD443CA0007B7CD /* FirebaseAnalyticsWithoutAdIdSupport in Frameworks */,
				26AAD8B12AC4560D002E5DD4 /* Alamofire in Frameworks */,
				26E9F36E2AD443CA0007B7CD /* FirebaseCrashlytics in Frameworks */,
				26A9C4FA2AC2E77D004F955A /* Toast in Frameworks */,
				26EA665B2AC2AE0F00F6FE6A /* SnapKit in Frameworks */,
				26CC8E7B2AC87DDC009ABB14 /* Kingfisher in Frameworks */,
			);
			runOnlyForDeploymentPostprocessing = 0;
		};
/* End PBXFrameworksBuildPhase section */

/* Begin PBXGroup section */
		26015E332ACC0C4A00D25C94 /* TabBarVC */ = {
			isa = PBXGroup;
			children = (
				26015E342ACC0C7900D25C94 /* TabBarController.swift */,
			);
			path = TabBarVC;
			sourceTree = "<group>";
		};
		26015E362ACC0CAF00D25C94 /* ProfileVC */ = {
			isa = PBXGroup;
			children = (
				26015E372ACC0CC300D25C94 /* ProfileViewController.swift */,
				26A5BB612AD7E6C300D03FC7 /* TopView.swift */,
				26A5BB632AD8042600D03FC7 /* LevelInfoViewController.swift */,
				26A5BB652AD8088800D03FC7 /* SaveMarketViewController.swift */,
				26E31C542ACD3F5400392068 /* Cell */,
			);
			path = ProfileVC;
			sourceTree = "<group>";
		};
		26077E3F2ACF057D005055DF /* Cache */ = {
			isa = PBXGroup;
			children = (
				26077E402ACF059F005055DF /* ImageCacheManager.swift */,
			);
			path = Cache;
			sourceTree = "<group>";
		};
		26229B9B2AC57518002FBE59 /* Realm */ = {
			isa = PBXGroup;
			children = (
				26229B9E2AC575AD002FBE59 /* TraditionalMarketRealm.swift */,
				26EA75DF2ACB1DCA00FFDFDB /* FavoriteTable.swift */,
				26229B9C2AC57528002FBE59 /* RealmManager.swift */,
			);
			path = Realm;
			sourceTree = "<group>";
		};
		26229BA62AC5AD76002FBE59 /* Base */ = {
			isa = PBXGroup;
			children = (
				26229BA72AC5AD84002FBE59 /* BaseViewController.swift */,
				26EA75D62ACADABA00FFDFDB /* BaseView.swift */,
				26E31C572ACD3FB400392068 /* BaseCollectionViewCell.swift */,
				26E31C592ACD40EA00392068 /* BaseHeaderReusableCollectionView.swift */,
			);
			path = Base;
			sourceTree = "<group>";
		};
		2633E6FA2AC69254002581EB /* City */ = {
			isa = PBXGroup;
			children = (
				2633E6FF2AC6A2A4002581EB /* CityCell.swift */,
			);
			path = City;
			sourceTree = "<group>";
		};
		2633E7052AC6C4C1002581EB /* Enum */ = {
			isa = PBXGroup;
			children = (
				2633E7062AC6C4D5002581EB /* CityIndex.swift */,
				26E768292AD07A820052EC4C /* Scale.swift */,
			);
			path = Enum;
			sourceTree = "<group>";
		};
		26AAD8A52AC44D9B002E5DD4 /* MapView */ = {
			isa = PBXGroup;
			children = (
				2633E6FA2AC69254002581EB /* City */,
				26EA75D32ACAC2B700FFDFDB /* MapVC */,
				26E9F3672AD406B80007B7CD /* SearchVC */,
				26EA75D02ACAC27200FFDFDB /* StampVC */,
				26CC8E712AC84B70009ABB14 /* DetailVC */,
			);
			path = MapView;
			sourceTree = "<group>";
		};
		26AAD8A62AC44DA6002E5DD4 /* Network */ = {
			isa = PBXGroup;
			children = (
				26AAD8AD2AC4559B002E5DD4 /* NetworkManager.swift */,
				26AAD8B22AC45B69002E5DD4 /* Router.swift */,
				26AAD8B92AC46EDE002E5DD4 /* IntegrationAPI.swift */,
				26AAD8C02AC48574002E5DD4 /* MarketAPIManager.swift */,
			);
			path = Network;
			sourceTree = "<group>";
		};
		26AAD8A72AC44DAD002E5DD4 /* Model */ = {
			isa = PBXGroup;
			children = (
				26AAD8A82AC44FCD002E5DD4 /* TraditionalMarket.swift */,
				26CC8E742AC87180009ABB14 /* NaverMarketImage.swift */,
				2633E7032AC6AC90002581EB /* City.swift */,
			);
			path = Model;
			sourceTree = "<group>";
		};
		26AAD8B42AC461E7002E5DD4 /* ViewModel */ = {
			isa = PBXGroup;
			children = (
				26AAD8B72AC46218002E5DD4 /* Observable.swift */,
				26AAD8B52AC46203002E5DD4 /* TraditionalMarketViewModel.swift */,
			);
			path = ViewModel;
			sourceTree = "<group>";
		};
		26CC8E6E2AC843D9009ABB14 /* Extension */ = {
			isa = PBXGroup;
			children = (
				26CC8E6F2AC843E9009ABB14 /* Ext+UIColor.swift */,
				26EA75D82ACB014F00FFDFDB /* Ext+UIButton.swift */,
				26EA75DA2ACB07A800FFDFDB /* Ext+UITextView.swift */,
				26EA665D2AC2AEB900F6FE6A /* Ext+MapButton.swift */,
				26A9C4FB2AC324EE004F955A /* Ext+UIViewController.swift */,
			);
			path = Extension;
			sourceTree = "<group>";
		};
		26CC8E712AC84B70009ABB14 /* DetailVC */ = {
			isa = PBXGroup;
			children = (
				2633E7082AC6E7ED002581EB /* DetailViewController.swift */,
				26E9F3702AD518D20007B7CD /* FullImageViewController.swift */,
				2633E70A2AC70955002581EB /* DetailMarketInfoCell.swift */,
				2633E7102AC71DC8002581EB /* DetailHeaderCell.swift */,
			);
			path = DetailVC;
			sourceTree = "<group>";
		};
		26E31C512ACD3DE900392068 /* Protocol */ = {
			isa = PBXGroup;
			children = (
				26E31C522ACD3E0D00392068 /* ReusableIdentifier.swift */,
			);
			path = Protocol;
			sourceTree = "<group>";
		};
		26E31C542ACD3F5400392068 /* Cell */ = {
			isa = PBXGroup;
			children = (
				26E31C552ACD3F5E00392068 /* StampCell.swift */,
				26E31C5B2ACD418C00392068 /* ListCell.swift */,
				26E31C5F2ACDC4C200392068 /* ExampleCell.swift */,
			);
			path = Cell;
			sourceTree = "<group>";
		};
		26E9F3672AD406B80007B7CD /* SearchVC */ = {
			isa = PBXGroup;
			children = (
				26E768272AD053AC0052EC4C /* SearchResultsViewController.swift */,
				26C92EC32AD2F622002A53D2 /* SearchCell.swift */,
			);
			path = SearchVC;
			sourceTree = "<group>";
		};
		26EA66372AC2AB4400F6FE6A = {
			isa = PBXGroup;
			children = (
				26EA66422AC2AB4400F6FE6A /* Traditional_Market */,
				26EA66412AC2AB4400F6FE6A /* Products */,
			);
			sourceTree = "<group>";
		};
		26EA66412AC2AB4400F6FE6A /* Products */ = {
			isa = PBXGroup;
			children = (
				26EA66402AC2AB4400F6FE6A /* Traditional_Market.app */,
			);
			name = Products;
			sourceTree = "<group>";
		};
		26EA66422AC2AB4400F6FE6A /* Traditional_Market */ = {
			isa = PBXGroup;
			children = (
				26077E3F2ACF057D005055DF /* Cache */,
				26E31C512ACD3DE900392068 /* Protocol */,
				26CC8E6E2AC843D9009ABB14 /* Extension */,
				2633E7052AC6C4C1002581EB /* Enum */,
				26229BA62AC5AD76002FBE59 /* Base */,
				26229B9B2AC57518002FBE59 /* Realm */,
				26AAD8B42AC461E7002E5DD4 /* ViewModel */,
				26AAD8A72AC44DAD002E5DD4 /* Model */,
				26AAD8A62AC44DA6002E5DD4 /* Network */,
				26015E332ACC0C4A00D25C94 /* TabBarVC */,
				26AAD8A52AC44D9B002E5DD4 /* MapView */,
				26015E362ACC0CAF00D25C94 /* ProfileVC */,
				26EA66432AC2AB4400F6FE6A /* AppDelegate.swift */,
				26EA66452AC2AB4400F6FE6A /* SceneDelegate.swift */,
				26EA664C2AC2AB4700F6FE6A /* Assets.xcassets */,
				26EA664E2AC2AB4700F6FE6A /* LaunchScreen.storyboard */,
				26EA66512AC2AB4700F6FE6A /* Info.plist */,
				26E9F3682AD443340007B7CD /* GoogleService-Info.plist */,
			);
			path = Traditional_Market;
			sourceTree = "<group>";
		};
		26EA75D02ACAC27200FFDFDB /* StampVC */ = {
			isa = PBXGroup;
			children = (
				26EA75D12ACAC28D00FFDFDB /* StampViewController.swift */,
				26EA75D42ACAD7DF00FFDFDB /* StampView.swift */,
			);
			path = StampVC;
			sourceTree = "<group>";
		};
		26EA75D32ACAC2B700FFDFDB /* MapVC */ = {
			isa = PBXGroup;
			children = (
				26EA66472AC2AB4400F6FE6A /* MapViewController.swift */,
				26A9C4FD2AC326D5004F955A /* ExampleLocation.gpx */,
				26A9C4F62AC2E607004F955A /* CustomAnnotation.swift */,
				26AAD8A32AC44B07002E5DD4 /* CustomAnnotationView.swift */,
				26E9F3722AD5A9190007B7CD /* ClusterAnnotationView.swift */,
				26EA66572AC2ADED00F6FE6A /* MapView.swift */,
			);
			path = MapVC;
			sourceTree = "<group>";
		};
/* End PBXGroup section */

/* Begin PBXNativeTarget section */
		26EA663F2AC2AB4400F6FE6A /* Traditional_Market */ = {
			isa = PBXNativeTarget;
			buildConfigurationList = 26EA66542AC2AB4700F6FE6A /* Build configuration list for PBXNativeTarget "Traditional_Market" */;
			buildPhases = (
				26EA663C2AC2AB4400F6FE6A /* Sources */,
				26EA663D2AC2AB4400F6FE6A /* Frameworks */,
				26EA663E2AC2AB4400F6FE6A /* Resources */,
				26E9F36F2AD444860007B7CD /* ShellScript */,
			);
			buildRules = (
			);
			dependencies = (
			);
			name = Traditional_Market;
			packageProductDependencies = (
				26EA665A2AC2AE0F00F6FE6A /* SnapKit */,
				26A9C4F92AC2E77D004F955A /* Toast */,
				26AAD8AB2AC4554C002E5DD4 /* RealmSwift */,
				26AAD8B02AC4560D002E5DD4 /* Alamofire */,
				26CC8E7A2AC87DDC009ABB14 /* Kingfisher */,
				26E9F36B2AD443CA0007B7CD /* FirebaseAnalyticsWithoutAdIdSupport */,
				26E9F36D2AD443CA0007B7CD /* FirebaseCrashlytics */,
			);
			productName = Traditional_Market;
			productReference = 26EA66402AC2AB4400F6FE6A /* Traditional_Market.app */;
			productType = "com.apple.product-type.application";
		};
/* End PBXNativeTarget section */

/* Begin PBXProject section */
		26EA66382AC2AB4400F6FE6A /* Project object */ = {
			isa = PBXProject;
			attributes = {
				BuildIndependentTargetsInParallel = 1;
				LastSwiftUpdateCheck = 1430;
				LastUpgradeCheck = 1430;
				TargetAttributes = {
					26EA663F2AC2AB4400F6FE6A = {
						CreatedOnToolsVersion = 14.3.1;
					};
				};
			};
			buildConfigurationList = 26EA663B2AC2AB4400F6FE6A /* Build configuration list for PBXProject "Traditional_Market" */;
			compatibilityVersion = "Xcode 14.0";
			developmentRegion = en;
			hasScannedForEncodings = 0;
			knownRegions = (
				en,
				Base,
			);
			mainGroup = 26EA66372AC2AB4400F6FE6A;
			packageReferences = (
				26EA66592AC2AE0F00F6FE6A /* XCRemoteSwiftPackageReference "SnapKit" */,
				26A9C4F82AC2E77D004F955A /* XCRemoteSwiftPackageReference "Toast-Swift" */,
				26AAD8AA2AC4554C002E5DD4 /* XCRemoteSwiftPackageReference "realm-swift" */,
				26AAD8AF2AC4560D002E5DD4 /* XCRemoteSwiftPackageReference "Alamofire" */,
				26CC8E792AC87DDC009ABB14 /* XCRemoteSwiftPackageReference "Kingfisher" */,
				26E9F36A2AD443CA0007B7CD /* XCRemoteSwiftPackageReference "firebase-ios-sdk" */,
			);
			productRefGroup = 26EA66412AC2AB4400F6FE6A /* Products */;
			projectDirPath = "";
			projectRoot = "";
			targets = (
				26EA663F2AC2AB4400F6FE6A /* Traditional_Market */,
			);
		};
/* End PBXProject section */

/* Begin PBXResourcesBuildPhase section */
		26EA663E2AC2AB4400F6FE6A /* Resources */ = {
			isa = PBXResourcesBuildPhase;
			buildActionMask = 2147483647;
			files = (
				26E9F3692AD443340007B7CD /* GoogleService-Info.plist in Resources */,
				26EA66502AC2AB4700F6FE6A /* LaunchScreen.storyboard in Resources */,
				26EA664D2AC2AB4700F6FE6A /* Assets.xcassets in Resources */,
			);
			runOnlyForDeploymentPostprocessing = 0;
		};
/* End PBXResourcesBuildPhase section */

/* Begin PBXShellScriptBuildPhase section */
		26E9F36F2AD444860007B7CD /* ShellScript */ = {
			isa = PBXShellScriptBuildPhase;
			buildActionMask = 2147483647;
			files = (
			);
			inputFileListPaths = (
			);
			inputPaths = (
				"${DWARF_DSYM_FOLDER_PATH}/${DWARF_DSYM_FILE_NAME}",
				"${DWARF_DSYM_FOLDER_PATH}/${DWARF_DSYM_FILE_NAME}/Contents/Resources/DWARF/${PRODUCT_NAME}",
				"${DWARF_DSYM_FOLDER_PATH}/${DWARF_DSYM_FILE_NAME}/Contents/Info.plist",
				"$(TARGET_BUILD_DIR)/$(UNLOCALIZED_RESOURCES_FOLDER_PATH)/GoogleService-Info.plist",
				"$(TARGET_BUILD_DIR)/$(EXECUTABLE_PATH)",
			);
			outputFileListPaths = (
			);
			outputPaths = (
			);
			runOnlyForDeploymentPostprocessing = 0;
			shellPath = /bin/sh;
			shellScript = "# Type a script or drag a script file from your workspace to insert its path.\n\"${BUILD_DIR%/Build/*}/SourcePackages/checkouts/firebase-ios-sdk/Crashlytics/run\"\n";
		};
/* End PBXShellScriptBuildPhase section */

/* Begin PBXSourcesBuildPhase section */
		26EA663C2AC2AB4400F6FE6A /* Sources */ = {
			isa = PBXSourcesBuildPhase;
			buildActionMask = 2147483647;
			files = (
				26EA75D72ACADABA00FFDFDB /* BaseView.swift in Sources */,
				26C92EC42AD2F622002A53D2 /* SearchCell.swift in Sources */,
				26229B9F2AC575AD002FBE59 /* TraditionalMarketRealm.swift in Sources */,
				2633E7002AC6A2A4002581EB /* CityCell.swift in Sources */,
				26E31C562ACD3F5E00392068 /* StampCell.swift in Sources */,
				26AAD8C12AC48574002E5DD4 /* MarketAPIManager.swift in Sources */,
				26AAD8B82AC46218002E5DD4 /* Observable.swift in Sources */,
				2633E7072AC6C4D5002581EB /* CityIndex.swift in Sources */,
				26CC8E702AC843E9009ABB14 /* Ext+UIColor.swift in Sources */,
				2633E7112AC71DC8002581EB /* DetailHeaderCell.swift in Sources */,
				26AAD8B62AC46203002E5DD4 /* TraditionalMarketViewModel.swift in Sources */,
				26229BA82AC5AD84002FBE59 /* BaseViewController.swift in Sources */,
				2633E7042AC6AC90002581EB /* City.swift in Sources */,
				26AAD8B32AC45B69002E5DD4 /* Router.swift in Sources */,
				2633E70B2AC70955002581EB /* DetailMarketInfoCell.swift in Sources */,
				26EA75D22ACAC28D00FFDFDB /* StampViewController.swift in Sources */,
				26E31C532ACD3E0D00392068 /* ReusableIdentifier.swift in Sources */,
				26CC8E752AC87180009ABB14 /* NaverMarketImage.swift in Sources */,
				26EA66482AC2AB4400F6FE6A /* MapViewController.swift in Sources */,
				26E31C5C2ACD418C00392068 /* ListCell.swift in Sources */,
				26E9F3712AD518D30007B7CD /* FullImageViewController.swift in Sources */,
				26EA66582AC2ADED00F6FE6A /* MapView.swift in Sources */,
				2633E7092AC6E7ED002581EB /* DetailViewController.swift in Sources */,
				26E31C582ACD3FB400392068 /* BaseCollectionViewCell.swift in Sources */,
				26AAD8BA2AC46EDE002E5DD4 /* IntegrationAPI.swift in Sources */,
				26AAD8AE2AC4559B002E5DD4 /* NetworkManager.swift in Sources */,
				26EA665E2AC2AEB900F6FE6A /* Ext+MapButton.swift in Sources */,
				26A5BB642AD8042600D03FC7 /* LevelInfoViewController.swift in Sources */,
				26EA75D92ACB014F00FFDFDB /* Ext+UIButton.swift in Sources */,
				26EA75E02ACB1DCA00FFDFDB /* FavoriteTable.swift in Sources */,
				26EA75DB2ACB07A800FFDFDB /* Ext+UITextView.swift in Sources */,
				26015E382ACC0CC300D25C94 /* ProfileViewController.swift in Sources */,
				26E7682A2AD07A820052EC4C /* Scale.swift in Sources */,
				26015E352ACC0C7900D25C94 /* TabBarController.swift in Sources */,
				26229B9D2AC57528002FBE59 /* RealmManager.swift in Sources */,
				26EA66442AC2AB4400F6FE6A /* AppDelegate.swift in Sources */,
				26EA66462AC2AB4400F6FE6A /* SceneDelegate.swift in Sources */,
				26A5BB622AD7E6C300D03FC7 /* TopView.swift in Sources */,
				26A9C4FC2AC324EE004F955A /* Ext+UIViewController.swift in Sources */,
				26E31C5A2ACD40EA00392068 /* BaseHeaderReusableCollectionView.swift in Sources */,
				26AAD8A42AC44B07002E5DD4 /* CustomAnnotationView.swift in Sources */,
				26A9C4F72AC2E607004F955A /* CustomAnnotation.swift in Sources */,
				26EA75D52ACAD7DF00FFDFDB /* StampView.swift in Sources */,
				26077E412ACF059F005055DF /* ImageCacheManager.swift in Sources */,
				26E9F3732AD5A9190007B7CD /* ClusterAnnotationView.swift in Sources */,
				26E768282AD053AC0052EC4C /* SearchResultsViewController.swift in Sources */,
				26A5BB662AD8088800D03FC7 /* SaveMarketViewController.swift in Sources */,
				26E31C602ACDC4C200392068 /* ExampleCell.swift in Sources */,
				26AAD8A92AC44FCD002E5DD4 /* TraditionalMarket.swift in Sources */,
			);
			runOnlyForDeploymentPostprocessing = 0;
		};
/* End PBXSourcesBuildPhase section */

/* Begin PBXVariantGroup section */
		26EA664E2AC2AB4700F6FE6A /* LaunchScreen.storyboard */ = {
			isa = PBXVariantGroup;
			children = (
				26EA664F2AC2AB4700F6FE6A /* Base */,
			);
			name = LaunchScreen.storyboard;
			sourceTree = "<group>";
		};
/* End PBXVariantGroup section */

/* Begin XCBuildConfiguration section */
		26EA66522AC2AB4700F6FE6A /* Debug */ = {
			isa = XCBuildConfiguration;
			buildSettings = {
				ALWAYS_SEARCH_USER_PATHS = NO;
				CLANG_ANALYZER_NONNULL = YES;
				CLANG_ANALYZER_NUMBER_OBJECT_CONVERSION = YES_AGGRESSIVE;
				CLANG_CXX_LANGUAGE_STANDARD = "gnu++20";
				CLANG_ENABLE_MODULES = YES;
				CLANG_ENABLE_OBJC_ARC = YES;
				CLANG_ENABLE_OBJC_WEAK = YES;
				CLANG_WARN_BLOCK_CAPTURE_AUTORELEASING = YES;
				CLANG_WARN_BOOL_CONVERSION = YES;
				CLANG_WARN_COMMA = YES;
				CLANG_WARN_CONSTANT_CONVERSION = YES;
				CLANG_WARN_DEPRECATED_OBJC_IMPLEMENTATIONS = YES;
				CLANG_WARN_DIRECT_OBJC_ISA_USAGE = YES_ERROR;
				CLANG_WARN_DOCUMENTATION_COMMENTS = YES;
				CLANG_WARN_EMPTY_BODY = YES;
				CLANG_WARN_ENUM_CONVERSION = YES;
				CLANG_WARN_INFINITE_RECURSION = YES;
				CLANG_WARN_INT_CONVERSION = YES;
				CLANG_WARN_NON_LITERAL_NULL_CONVERSION = YES;
				CLANG_WARN_OBJC_IMPLICIT_RETAIN_SELF = YES;
				CLANG_WARN_OBJC_LITERAL_CONVERSION = YES;
				CLANG_WARN_OBJC_ROOT_CLASS = YES_ERROR;
				CLANG_WARN_QUOTED_INCLUDE_IN_FRAMEWORK_HEADER = YES;
				CLANG_WARN_RANGE_LOOP_ANALYSIS = YES;
				CLANG_WARN_STRICT_PROTOTYPES = YES;
				CLANG_WARN_SUSPICIOUS_MOVE = YES;
				CLANG_WARN_UNGUARDED_AVAILABILITY = YES_AGGRESSIVE;
				CLANG_WARN_UNREACHABLE_CODE = YES;
				CLANG_WARN__DUPLICATE_METHOD_MATCH = YES;
				COPY_PHASE_STRIP = NO;
				DEBUG_INFORMATION_FORMAT = dwarf;
				ENABLE_STRICT_OBJC_MSGSEND = YES;
				ENABLE_TESTABILITY = YES;
				GCC_C_LANGUAGE_STANDARD = gnu11;
				GCC_DYNAMIC_NO_PIC = NO;
				GCC_NO_COMMON_BLOCKS = YES;
				GCC_OPTIMIZATION_LEVEL = 0;
				GCC_PREPROCESSOR_DEFINITIONS = (
					"DEBUG=1",
					"$(inherited)",
				);
				GCC_WARN_64_TO_32_BIT_CONVERSION = YES;
				GCC_WARN_ABOUT_RETURN_TYPE = YES_ERROR;
				GCC_WARN_UNDECLARED_SELECTOR = YES;
				GCC_WARN_UNINITIALIZED_AUTOS = YES_AGGRESSIVE;
				GCC_WARN_UNUSED_FUNCTION = YES;
				GCC_WARN_UNUSED_VARIABLE = YES;
				IPHONEOS_DEPLOYMENT_TARGET = 16.4;
				MTL_ENABLE_DEBUG_INFO = INCLUDE_SOURCE;
				MTL_FAST_MATH = YES;
				ONLY_ACTIVE_ARCH = YES;
				SDKROOT = iphoneos;
				SWIFT_ACTIVE_COMPILATION_CONDITIONS = DEBUG;
				SWIFT_OPTIMIZATION_LEVEL = "-Onone";
			};
			name = Debug;
		};
		26EA66532AC2AB4700F6FE6A /* Release */ = {
			isa = XCBuildConfiguration;
			buildSettings = {
				ALWAYS_SEARCH_USER_PATHS = NO;
				CLANG_ANALYZER_NONNULL = YES;
				CLANG_ANALYZER_NUMBER_OBJECT_CONVERSION = YES_AGGRESSIVE;
				CLANG_CXX_LANGUAGE_STANDARD = "gnu++20";
				CLANG_ENABLE_MODULES = YES;
				CLANG_ENABLE_OBJC_ARC = YES;
				CLANG_ENABLE_OBJC_WEAK = YES;
				CLANG_WARN_BLOCK_CAPTURE_AUTORELEASING = YES;
				CLANG_WARN_BOOL_CONVERSION = YES;
				CLANG_WARN_COMMA = YES;
				CLANG_WARN_CONSTANT_CONVERSION = YES;
				CLANG_WARN_DEPRECATED_OBJC_IMPLEMENTATIONS = YES;
				CLANG_WARN_DIRECT_OBJC_ISA_USAGE = YES_ERROR;
				CLANG_WARN_DOCUMENTATION_COMMENTS = YES;
				CLANG_WARN_EMPTY_BODY = YES;
				CLANG_WARN_ENUM_CONVERSION = YES;
				CLANG_WARN_INFINITE_RECURSION = YES;
				CLANG_WARN_INT_CONVERSION = YES;
				CLANG_WARN_NON_LITERAL_NULL_CONVERSION = YES;
				CLANG_WARN_OBJC_IMPLICIT_RETAIN_SELF = YES;
				CLANG_WARN_OBJC_LITERAL_CONVERSION = YES;
				CLANG_WARN_OBJC_ROOT_CLASS = YES_ERROR;
				CLANG_WARN_QUOTED_INCLUDE_IN_FRAMEWORK_HEADER = YES;
				CLANG_WARN_RANGE_LOOP_ANALYSIS = YES;
				CLANG_WARN_STRICT_PROTOTYPES = YES;
				CLANG_WARN_SUSPICIOUS_MOVE = YES;
				CLANG_WARN_UNGUARDED_AVAILABILITY = YES_AGGRESSIVE;
				CLANG_WARN_UNREACHABLE_CODE = YES;
				CLANG_WARN__DUPLICATE_METHOD_MATCH = YES;
				COPY_PHASE_STRIP = NO;
				DEBUG_INFORMATION_FORMAT = "dwarf-with-dsym";
				ENABLE_NS_ASSERTIONS = NO;
				ENABLE_STRICT_OBJC_MSGSEND = YES;
				GCC_C_LANGUAGE_STANDARD = gnu11;
				GCC_NO_COMMON_BLOCKS = YES;
				GCC_WARN_64_TO_32_BIT_CONVERSION = YES;
				GCC_WARN_ABOUT_RETURN_TYPE = YES_ERROR;
				GCC_WARN_UNDECLARED_SELECTOR = YES;
				GCC_WARN_UNINITIALIZED_AUTOS = YES_AGGRESSIVE;
				GCC_WARN_UNUSED_FUNCTION = YES;
				GCC_WARN_UNUSED_VARIABLE = YES;
				IPHONEOS_DEPLOYMENT_TARGET = 16.4;
				MTL_ENABLE_DEBUG_INFO = NO;
				MTL_FAST_MATH = YES;
				SDKROOT = iphoneos;
				SWIFT_COMPILATION_MODE = wholemodule;
				SWIFT_OPTIMIZATION_LEVEL = "-O";
				VALIDATE_PRODUCT = YES;
			};
			name = Release;
		};
		26EA66552AC2AB4700F6FE6A /* Debug */ = {
			isa = XCBuildConfiguration;
			buildSettings = {
				ASSETCATALOG_COMPILER_APPICON_NAME = AppIcon;
				ASSETCATALOG_COMPILER_GLOBAL_ACCENT_COLOR_NAME = AccentColor;
				CODE_SIGN_STYLE = Automatic;
				CURRENT_PROJECT_VERSION = 1;
				DEBUG_INFORMATION_FORMAT = "dwarf-with-dsym";
				DEVELOPMENT_TEAM = D3U7XS5ZX2;
				GENERATE_INFOPLIST_FILE = YES;
				INFOPLIST_FILE = Traditional_Market/Info.plist;
				INFOPLIST_KEY_NSLocationAlwaysAndWhenInUseUsageDescription = "위치 권한을 허용해주세요";
				INFOPLIST_KEY_NSLocationWhenInUseUsageDescription = "워치 권한을 허용해주세요";
				INFOPLIST_KEY_UIApplicationSupportsIndirectInputEvents = YES;
				INFOPLIST_KEY_UILaunchStoryboardName = LaunchScreen;
				INFOPLIST_KEY_UISupportedInterfaceOrientations = UIInterfaceOrientationPortrait;
				IPHONEOS_DEPLOYMENT_TARGET = 16.0;
				LD_RUNPATH_SEARCH_PATHS = (
					"$(inherited)",
					"@executable_path/Frameworks",
				);
				MARKETING_VERSION = 1.0;
				PRODUCT_BUNDLE_IDENTIFIER = "com.present.Traditional-Market";
				PRODUCT_NAME = "$(TARGET_NAME)";
				SUPPORTED_PLATFORMS = "iphoneos iphonesimulator";
				SUPPORTS_MACCATALYST = NO;
				SUPPORTS_MAC_DESIGNED_FOR_IPHONE_IPAD = NO;
				SWIFT_EMIT_LOC_STRINGS = YES;
				SWIFT_VERSION = 5.0;
				TARGETED_DEVICE_FAMILY = 1;
			};
			name = Debug;
		};
		26EA66562AC2AB4700F6FE6A /* Release */ = {
			isa = XCBuildConfiguration;
			buildSettings = {
				ASSETCATALOG_COMPILER_APPICON_NAME = AppIcon;
				ASSETCATALOG_COMPILER_GLOBAL_ACCENT_COLOR_NAME = AccentColor;
				CODE_SIGN_STYLE = Automatic;
				CURRENT_PROJECT_VERSION = 1;
				DEVELOPMENT_TEAM = D3U7XS5ZX2;
				GENERATE_INFOPLIST_FILE = YES;
				INFOPLIST_FILE = Traditional_Market/Info.plist;
				INFOPLIST_KEY_NSLocationAlwaysAndWhenInUseUsageDescription = "위치 권한을 허용해주세요";
				INFOPLIST_KEY_NSLocationWhenInUseUsageDescription = "워치 권한을 허용해주세요";
				INFOPLIST_KEY_UIApplicationSupportsIndirectInputEvents = YES;
				INFOPLIST_KEY_UILaunchStoryboardName = LaunchScreen;
				INFOPLIST_KEY_UISupportedInterfaceOrientations = UIInterfaceOrientationPortrait;
				IPHONEOS_DEPLOYMENT_TARGET = 16.0;
				LD_RUNPATH_SEARCH_PATHS = (
					"$(inherited)",
					"@executable_path/Frameworks",
				);
				MARKETING_VERSION = 1.0;
				PRODUCT_BUNDLE_IDENTIFIER = "com.present.Traditional-Market";
				PRODUCT_NAME = "$(TARGET_NAME)";
				SUPPORTED_PLATFORMS = "iphoneos iphonesimulator";
				SUPPORTS_MACCATALYST = NO;
				SUPPORTS_MAC_DESIGNED_FOR_IPHONE_IPAD = NO;
				SWIFT_EMIT_LOC_STRINGS = YES;
				SWIFT_VERSION = 5.0;
				TARGETED_DEVICE_FAMILY = 1;
			};
			name = Release;
		};
/* End XCBuildConfiguration section */

/* Begin XCConfigurationList section */
		26EA663B2AC2AB4400F6FE6A /* Build configuration list for PBXProject "Traditional_Market" */ = {
			isa = XCConfigurationList;
			buildConfigurations = (
				26EA66522AC2AB4700F6FE6A /* Debug */,
				26EA66532AC2AB4700F6FE6A /* Release */,
			);
			defaultConfigurationIsVisible = 0;
			defaultConfigurationName = Release;
		};
		26EA66542AC2AB4700F6FE6A /* Build configuration list for PBXNativeTarget "Traditional_Market" */ = {
			isa = XCConfigurationList;
			buildConfigurations = (
				26EA66552AC2AB4700F6FE6A /* Debug */,
				26EA66562AC2AB4700F6FE6A /* Release */,
			);
			defaultConfigurationIsVisible = 0;
			defaultConfigurationName = Release;
		};
/* End XCConfigurationList section */

/* Begin XCRemoteSwiftPackageReference section */
		26A9C4F82AC2E77D004F955A /* XCRemoteSwiftPackageReference "Toast-Swift" */ = {
			isa = XCRemoteSwiftPackageReference;
			repositoryURL = "https://github.com/scalessec/Toast-Swift.git";
			requirement = {
				kind = upToNextMajorVersion;
				minimumVersion = 5.0.0;
			};
		};
		26AAD8AA2AC4554C002E5DD4 /* XCRemoteSwiftPackageReference "realm-swift" */ = {
			isa = XCRemoteSwiftPackageReference;
			repositoryURL = "https://github.com/realm/realm-swift.git";
			requirement = {
				branch = master;
				kind = branch;
			};
		};
		26AAD8AF2AC4560D002E5DD4 /* XCRemoteSwiftPackageReference "Alamofire" */ = {
			isa = XCRemoteSwiftPackageReference;
			repositoryURL = "https://github.com/Alamofire/Alamofire";
			requirement = {
				kind = upToNextMajorVersion;
				minimumVersion = 5.0.0;
			};
		};
		26CC8E792AC87DDC009ABB14 /* XCRemoteSwiftPackageReference "Kingfisher" */ = {
			isa = XCRemoteSwiftPackageReference;
			repositoryURL = "https://github.com/onevcat/Kingfisher.git";
			requirement = {
				kind = upToNextMajorVersion;
				minimumVersion = 7.0.0;
			};
		};
		26E9F36A2AD443CA0007B7CD /* XCRemoteSwiftPackageReference "firebase-ios-sdk" */ = {
			isa = XCRemoteSwiftPackageReference;
			repositoryURL = "https://github.com/firebase/firebase-ios-sdk";
			requirement = {
				kind = upToNextMajorVersion;
				minimumVersion = 10.0.0;
			};
		};
		26EA66592AC2AE0F00F6FE6A /* XCRemoteSwiftPackageReference "SnapKit" */ = {
			isa = XCRemoteSwiftPackageReference;
			repositoryURL = "https://github.com/SnapKit/SnapKit.git";
			requirement = {
				kind = upToNextMajorVersion;
				minimumVersion = 5.0.0;
			};
		};
/* End XCRemoteSwiftPackageReference section */

/* Begin XCSwiftPackageProductDependency section */
		26A9C4F92AC2E77D004F955A /* Toast */ = {
			isa = XCSwiftPackageProductDependency;
			package = 26A9C4F82AC2E77D004F955A /* XCRemoteSwiftPackageReference "Toast-Swift" */;
			productName = Toast;
		};
		26AAD8AB2AC4554C002E5DD4 /* RealmSwift */ = {
			isa = XCSwiftPackageProductDependency;
			package = 26AAD8AA2AC4554C002E5DD4 /* XCRemoteSwiftPackageReference "realm-swift" */;
			productName = RealmSwift;
		};
		26AAD8B02AC4560D002E5DD4 /* Alamofire */ = {
			isa = XCSwiftPackageProductDependency;
			package = 26AAD8AF2AC4560D002E5DD4 /* XCRemoteSwiftPackageReference "Alamofire" */;
			productName = Alamofire;
		};
		26CC8E7A2AC87DDC009ABB14 /* Kingfisher */ = {
			isa = XCSwiftPackageProductDependency;
			package = 26CC8E792AC87DDC009ABB14 /* XCRemoteSwiftPackageReference "Kingfisher" */;
			productName = Kingfisher;
		};
		26E9F36B2AD443CA0007B7CD /* FirebaseAnalyticsWithoutAdIdSupport */ = {
			isa = XCSwiftPackageProductDependency;
			package = 26E9F36A2AD443CA0007B7CD /* XCRemoteSwiftPackageReference "firebase-ios-sdk" */;
			productName = FirebaseAnalyticsWithoutAdIdSupport;
		};
		26E9F36D2AD443CA0007B7CD /* FirebaseCrashlytics */ = {
			isa = XCSwiftPackageProductDependency;
			package = 26E9F36A2AD443CA0007B7CD /* XCRemoteSwiftPackageReference "firebase-ios-sdk" */;
			productName = FirebaseCrashlytics;
		};
		26EA665A2AC2AE0F00F6FE6A /* SnapKit */ = {
			isa = XCSwiftPackageProductDependency;
			package = 26EA66592AC2AE0F00F6FE6A /* XCRemoteSwiftPackageReference "SnapKit" */;
			productName = SnapKit;
		};
/* End XCSwiftPackageProductDependency section */
	};
	rootObject = 26EA66382AC2AB4400F6FE6A /* Project object */;
}
